PODS:
  - CoreXLSX (0.11.0):
    - XMLCoder (~> 0.11.1)
    - ZIPFoundation (~> 0.9.11)
  - XMLCoder (0.11.1)
  - ZIPFoundation (0.9.11)

DEPENDENCIES:
  - CoreXLSX (from `../`)

SPEC REPOS:
  trunk:
    - XMLCoder
    - ZIPFoundation

EXTERNAL SOURCES:
  CoreXLSX:
    :path: "../"

SPEC CHECKSUMS:
  CoreXLSX: d81176da72edfd69a9df6f107a78bd0335b8f292
  XMLCoder: c4638336674de7ba279cd23f2005817d69f538e0
  ZIPFoundation: b1f0de4eed33e74a676f76e12559ab6b75990197

PODFILE CHECKSUM: 4b59cda9563eaa9d39027ba3749963cf8b4676e7

COCOAPODS: 1.9.1
