PODS:
  - CoreXLSX (0.4.0):
    - XMLCoder (~> 0.4.0)
    - ZIPFoundation (~> 0.9.8)
  - XMLCoder (0.4.0)
  - ZIPFoundation (0.9.8)

DEPENDENCIES:
  - CoreXLSX (from `../`)

SPEC REPOS:
  https://github.com/cocoapods/specs.git:
    - XMLCoder
    - ZIPFoundation

EXTERNAL SOURCES:
  CoreXLSX:
    :path: "../"

SPEC CHECKSUMS:
  CoreXLSX: dfbc4c54208431848229a3d138787ca5be7610c0
  XMLCoder: 7ab885954df4ccf4097ea90fa6a3abd08389ad8f
  ZIPFoundation: b1f07e4409baf1641f3fe5948b2a1c3f5c500cb1

PODFILE CHECKSUM: 4b59cda9563eaa9d39027ba3749963cf8b4676e7

COCOAPODS: 1.6.0
