PODS:
  - CoreXLSX (0.4.0):
    - XMLCoder (~> 0.4.0)
    - ZIPFoundation (~> 0.9.9)
  - XMLCoder (0.4.0)
  - ZIPFoundation (0.9.9)

DEPENDENCIES:
  - CoreXLSX (from `../`)

SPEC REPOS:
  https://github.com/cocoapods/specs.git:
    - XMLCoder
    - ZIPFoundation

EXTERNAL SOURCES:
  CoreXLSX:
    :path: "../"

SPEC CHECKSUMS:
  CoreXLSX: cce9234d85dcc6c36bdef8cf105d885cf14ac09f
  XMLCoder: 7ab885954df4ccf4097ea90fa6a3abd08389ad8f
  ZIPFoundation: 89df685c971926b0323087952320bdfee9f0b6ef

PODFILE CHECKSUM: 4b59cda9563eaa9d39027ba3749963cf8b4676e7

COCOAPODS: 1.6.0
