{
  "object": {
    "pins": [
      {
        "package": "XMLCoder",
        "repositoryURL": "https://github.com/maxdesiatov/XMLCoder.git",
        "state": {
          "branch": null,
          "revision": "bd22c206de700ea0ff7f0e3177176b0347f91bd8",
          "version": "0.3.1"
        }
      },
      {
        "package": "ZIPFoundation",
        "repositoryURL": "https://github.com/weichsel/ZIPFoundation.git",
        "state": {
          "branch": null,
          "revision": "d9bb1c47984baa035e3960338551d9b0b7128e79",
          "version": "0.9.8"
        }
      }
    ]
  },
  "version": 1
}
