{
  "object": {
    "pins": [
      {
        "package": "XMLCoder",
        "repositoryURL": "https://github.com/maxdesiatov/XMLCoder.git",
        "state": {
          "branch": null,
          "revision": "34c178b7ddcf4eccc77292a1ea896ae2c7481f86",
          "version": "0.4.0"
        }
      },
      {
        "package": "ZIPFoundation",
        "repositoryURL": "https://github.com/weichsel/ZIPFoundation.git",
        "state": {
          "branch": null,
          "revision": "d9bb1c47984baa035e3960338551d9b0b7128e79",
          "version": "0.9.8"
        }
      }
    ]
  },
  "version": 1
}
