// !$*UTF8*$!
{
	archiveVersion = 1;
	classes = {
	};
	objectVersion = 46;
	objects = {

/* Begin PBXBuildFile section */
		D15021C521A1C31800BFA4FC /* ZIPFoundation.framework in Frameworks */ = {isa = PBXBuildFile; fileRef = D15021C321A1C31800BFA4FC /* ZIPFoundation.framework */; };
		D15021C621A1C31800BFA4FC /* XMLCoder.framework in Frameworks */ = {isa = PBXBuildFile; fileRef = D15021C421A1C31800BFA4FC /* XMLCoder.framework */; };
		D15021C721A1C33E00BFA4FC /* ZIPFoundation.framework in Frameworks */ = {isa = PBXBuildFile; fileRef = D15021C321A1C31800BFA4FC /* ZIPFoundation.framework */; };
		D15021C821A1C33E00BFA4FC /* XMLCoder.framework in Frameworks */ = {isa = PBXBuildFile; fileRef = D15021C421A1C31800BFA4FC /* XMLCoder.framework */; };
		D15021CA21A1C3DF00BFA4FC /* XMLCoder.framework in CopyFiles */ = {isa = PBXBuildFile; fileRef = D15021C421A1C31800BFA4FC /* XMLCoder.framework */; settings = {ATTRIBUTES = (CodeSignOnCopy, RemoveHeadersOnCopy, ); }; };
		D15021CB21A1C3DF00BFA4FC /* ZIPFoundation.framework in CopyFiles */ = {isa = PBXBuildFile; fileRef = D15021C321A1C31800BFA4FC /* ZIPFoundation.framework */; settings = {ATTRIBUTES = (CodeSignOnCopy, RemoveHeadersOnCopy, ); }; };
		OBJ_62 /* CellReference.swift in Sources */ = {isa = PBXBuildFile; fileRef = OBJ_11 /* CellReference.swift */; };
		OBJ_63 /* ColumnReference.swift in Sources */ = {isa = PBXBuildFile; fileRef = OBJ_12 /* ColumnReference.swift */; };
		OBJ_64 /* CoreXLSX.swift in Sources */ = {isa = PBXBuildFile; fileRef = OBJ_13 /* CoreXLSX.swift */; };
		OBJ_65 /* Relationships.swift in Sources */ = {isa = PBXBuildFile; fileRef = OBJ_14 /* Relationships.swift */; };
		OBJ_66 /* Worksheet.swift in Sources */ = {isa = PBXBuildFile; fileRef = OBJ_15 /* Worksheet.swift */; };
		OBJ_79 /* Package.swift in Sources */ = {isa = PBXBuildFile; fileRef = OBJ_6 /* Package.swift */; };
		OBJ_90 /* CellReferenceTests.swift in Sources */ = {isa = PBXBuildFile; fileRef = OBJ_18 /* CellReferenceTests.swift */; };
		OBJ_91 /* CoreXLSXTests.swift in Sources */ = {isa = PBXBuildFile; fileRef = OBJ_19 /* CoreXLSXTests.swift */; };
		OBJ_92 /* RelationshipsTests.swift in Sources */ = {isa = PBXBuildFile; fileRef = OBJ_20 /* RelationshipsTests.swift */; };
		OBJ_93 /* XCTestManifests.swift in Sources */ = {isa = PBXBuildFile; fileRef = OBJ_21 /* XCTestManifests.swift */; };
		OBJ_95 /* CoreXLSX.framework in Frameworks */ = {isa = PBXBuildFile; fileRef = "CoreXLSX::CoreXLSX::Product" /* CoreXLSX.framework */; };
/* End PBXBuildFile section */

/* Begin PBXContainerItemProxy section */
		D15021BE21A1C23700BFA4FC /* PBXContainerItemProxy */ = {
			isa = PBXContainerItemProxy;
			containerPortal = OBJ_1 /* Project object */;
			proxyType = 1;
			remoteGlobalIDString = "CoreXLSX::CoreXLSX";
			remoteInfo = CoreXLSX;
		};
/* End PBXContainerItemProxy section */

/* Begin PBXCopyFilesBuildPhase section */
		D15021C921A1C3BB00BFA4FC /* CopyFiles */ = {
			isa = PBXCopyFilesBuildPhase;
			buildActionMask = 2147483647;
			dstPath = "";
			dstSubfolderSpec = 10;
			files = (
				D15021CA21A1C3DF00BFA4FC /* XMLCoder.framework in CopyFiles */,
				D15021CB21A1C3DF00BFA4FC /* ZIPFoundation.framework in CopyFiles */,
			);
			runOnlyForDeploymentPostprocessing = 0;
		};
/* End PBXCopyFilesBuildPhase section */

/* Begin PBXFileReference section */
		"CoreXLSX::CoreXLSX::Product" /* CoreXLSX.framework */ = {isa = PBXFileReference; explicitFileType = wrapper.framework; path = CoreXLSX.framework; sourceTree = BUILT_PRODUCTS_DIR; };
		"CoreXLSX::CoreXLSXTests::Product" /* CoreXLSXTests.xctest */ = {isa = PBXFileReference; explicitFileType = wrapper.cfbundle; path = CoreXLSXTests.xctest; sourceTree = BUILT_PRODUCTS_DIR; };
		D15021C321A1C31800BFA4FC /* ZIPFoundation.framework */ = {isa = PBXFileReference; lastKnownFileType = wrapper.framework; name = ZIPFoundation.framework; path = Carthage/Build/Mac/ZIPFoundation.framework; sourceTree = "<group>"; };
		D15021C421A1C31800BFA4FC /* XMLCoder.framework */ = {isa = PBXFileReference; lastKnownFileType = wrapper.framework; name = XMLCoder.framework; path = Carthage/Build/Mac/XMLCoder.framework; sourceTree = "<group>"; };
		OBJ_11 /* CellReference.swift */ = {isa = PBXFileReference; lastKnownFileType = sourcecode.swift; path = CellReference.swift; sourceTree = "<group>"; };
		OBJ_12 /* ColumnReference.swift */ = {isa = PBXFileReference; lastKnownFileType = sourcecode.swift; path = ColumnReference.swift; sourceTree = "<group>"; };
		OBJ_13 /* CoreXLSX.swift */ = {isa = PBXFileReference; lastKnownFileType = sourcecode.swift; path = CoreXLSX.swift; sourceTree = "<group>"; };
		OBJ_14 /* Relationships.swift */ = {isa = PBXFileReference; lastKnownFileType = sourcecode.swift; path = Relationships.swift; sourceTree = "<group>"; };
		OBJ_15 /* Worksheet.swift */ = {isa = PBXFileReference; lastKnownFileType = sourcecode.swift; path = Worksheet.swift; sourceTree = "<group>"; };
		OBJ_18 /* CellReferenceTests.swift */ = {isa = PBXFileReference; lastKnownFileType = sourcecode.swift; path = CellReferenceTests.swift; sourceTree = "<group>"; };
		OBJ_19 /* CoreXLSXTests.swift */ = {isa = PBXFileReference; lastKnownFileType = sourcecode.swift; path = CoreXLSXTests.swift; sourceTree = "<group>"; };
		OBJ_20 /* RelationshipsTests.swift */ = {isa = PBXFileReference; lastKnownFileType = sourcecode.swift; path = RelationshipsTests.swift; sourceTree = "<group>"; };
		OBJ_21 /* XCTestManifests.swift */ = {isa = PBXFileReference; lastKnownFileType = sourcecode.swift; path = XCTestManifests.swift; sourceTree = "<group>"; };
		OBJ_27 /* Archive+Reading.swift */ = {isa = PBXFileReference; lastKnownFileType = sourcecode.swift; path = "Archive+Reading.swift"; sourceTree = "<group>"; };
		OBJ_28 /* Archive+Writing.swift */ = {isa = PBXFileReference; lastKnownFileType = sourcecode.swift; path = "Archive+Writing.swift"; sourceTree = "<group>"; };
		OBJ_29 /* Archive.swift */ = {isa = PBXFileReference; lastKnownFileType = sourcecode.swift; path = Archive.swift; sourceTree = "<group>"; };
		OBJ_30 /* Data+Compression.swift */ = {isa = PBXFileReference; lastKnownFileType = sourcecode.swift; path = "Data+Compression.swift"; sourceTree = "<group>"; };
		OBJ_31 /* Data+Serialization.swift */ = {isa = PBXFileReference; lastKnownFileType = sourcecode.swift; path = "Data+Serialization.swift"; sourceTree = "<group>"; };
		OBJ_32 /* Entry.swift */ = {isa = PBXFileReference; lastKnownFileType = sourcecode.swift; path = Entry.swift; sourceTree = "<group>"; };
		OBJ_33 /* FileManager+ZIP.swift */ = {isa = PBXFileReference; lastKnownFileType = sourcecode.swift; path = "FileManager+ZIP.swift"; sourceTree = "<group>"; };
		OBJ_34 /* Package.swift */ = {isa = PBXFileReference; explicitFileType = sourcecode.swift; name = Package.swift; path = "/Users/maxd/Documents/CoreXLSX/.build/checkouts/ZIPFoundation.git-1553630773966528904/Package.swift"; sourceTree = "<group>"; };
		OBJ_38 /* DecodingErrorExtension.swift */ = {isa = PBXFileReference; lastKnownFileType = sourcecode.swift; path = DecodingErrorExtension.swift; sourceTree = "<group>"; };
		OBJ_39 /* XMLDecoder.swift */ = {isa = PBXFileReference; lastKnownFileType = sourcecode.swift; path = XMLDecoder.swift; sourceTree = "<group>"; };
		OBJ_40 /* XMLDecodingStorage.swift */ = {isa = PBXFileReference; lastKnownFileType = sourcecode.swift; path = XMLDecodingStorage.swift; sourceTree = "<group>"; };
		OBJ_41 /* XMLKeyedDecodingContainer.swift */ = {isa = PBXFileReference; lastKnownFileType = sourcecode.swift; path = XMLKeyedDecodingContainer.swift; sourceTree = "<group>"; };
		OBJ_42 /* XMLUnkeyedDecodingContainer.swift */ = {isa = PBXFileReference; lastKnownFileType = sourcecode.swift; path = XMLUnkeyedDecodingContainer.swift; sourceTree = "<group>"; };
		OBJ_44 /* EncodingErrorExtension.swift */ = {isa = PBXFileReference; lastKnownFileType = sourcecode.swift; path = EncodingErrorExtension.swift; sourceTree = "<group>"; };
		OBJ_45 /* XMLEncoder.swift */ = {isa = PBXFileReference; lastKnownFileType = sourcecode.swift; path = XMLEncoder.swift; sourceTree = "<group>"; };
		OBJ_46 /* XMLEncodingStorage.swift */ = {isa = PBXFileReference; lastKnownFileType = sourcecode.swift; path = XMLEncodingStorage.swift; sourceTree = "<group>"; };
		OBJ_47 /* XMLReferencingEncoder.swift */ = {isa = PBXFileReference; lastKnownFileType = sourcecode.swift; path = XMLReferencingEncoder.swift; sourceTree = "<group>"; };
		OBJ_48 /* ISO8601DateFormatter.swift */ = {isa = PBXFileReference; lastKnownFileType = sourcecode.swift; path = ISO8601DateFormatter.swift; sourceTree = "<group>"; };
		OBJ_49 /* XMLKey.swift */ = {isa = PBXFileReference; lastKnownFileType = sourcecode.swift; path = XMLKey.swift; sourceTree = "<group>"; };
		OBJ_50 /* XMLStackParser.swift */ = {isa = PBXFileReference; lastKnownFileType = sourcecode.swift; path = XMLStackParser.swift; sourceTree = "<group>"; };
		OBJ_51 /* Package.swift */ = {isa = PBXFileReference; explicitFileType = sourcecode.swift; name = Package.swift; path = "/Users/maxd/Documents/CoreXLSX/.build/checkouts/XMLCoder.git--8189013463900790701/Package.swift"; sourceTree = "<group>"; };
		OBJ_6 /* Package.swift */ = {isa = PBXFileReference; explicitFileType = sourcecode.swift; path = Package.swift; sourceTree = "<group>"; };
		OBJ_8 /* Package.xcconfig */ = {isa = PBXFileReference; lastKnownFileType = text.xcconfig; path = Package.xcconfig; sourceTree = "<group>"; };
/* End PBXFileReference section */

/* Begin PBXFrameworksBuildPhase section */
		OBJ_67 /* Frameworks */ = {
			isa = PBXFrameworksBuildPhase;
			buildActionMask = 0;
			files = (
				D15021C521A1C31800BFA4FC /* ZIPFoundation.framework in Frameworks */,
				D15021C621A1C31800BFA4FC /* XMLCoder.framework in Frameworks */,
			);
			runOnlyForDeploymentPostprocessing = 0;
		};
		OBJ_94 /* Frameworks */ = {
			isa = PBXFrameworksBuildPhase;
			buildActionMask = 0;
			files = (
				D15021C721A1C33E00BFA4FC /* ZIPFoundation.framework in Frameworks */,
				D15021C821A1C33E00BFA4FC /* XMLCoder.framework in Frameworks */,
				OBJ_95 /* CoreXLSX.framework in Frameworks */,
			);
			runOnlyForDeploymentPostprocessing = 0;
		};
/* End PBXFrameworksBuildPhase section */

/* Begin PBXGroup section */
		D15021C221A1C31800BFA4FC /* Frameworks */ = {
			isa = PBXGroup;
			children = (
				D15021C421A1C31800BFA4FC /* XMLCoder.framework */,
				D15021C321A1C31800BFA4FC /* ZIPFoundation.framework */,
			);
			name = Frameworks;
			sourceTree = "<group>";
		};
		OBJ_10 /* CoreXLSX */ = {
			isa = PBXGroup;
			children = (
				OBJ_11 /* CellReference.swift */,
				OBJ_12 /* ColumnReference.swift */,
				OBJ_13 /* CoreXLSX.swift */,
				OBJ_14 /* Relationships.swift */,
				OBJ_15 /* Worksheet.swift */,
			);
			name = CoreXLSX;
			path = Sources/CoreXLSX;
			sourceTree = SOURCE_ROOT;
		};
		OBJ_16 /* Tests */ = {
			isa = PBXGroup;
			children = (
				OBJ_17 /* CoreXLSXTests */,
			);
			name = Tests;
			sourceTree = SOURCE_ROOT;
		};
		OBJ_17 /* CoreXLSXTests */ = {
			isa = PBXGroup;
			children = (
				OBJ_18 /* CellReferenceTests.swift */,
				OBJ_19 /* CoreXLSXTests.swift */,
				OBJ_20 /* RelationshipsTests.swift */,
				OBJ_21 /* XCTestManifests.swift */,
			);
			name = CoreXLSXTests;
			path = Tests/CoreXLSXTests;
			sourceTree = SOURCE_ROOT;
		};
		OBJ_24 /* Dependencies */ = {
			isa = PBXGroup;
			children = (
				OBJ_25 /* ZIPFoundation 0.9.6 */,
				OBJ_35 /* XMLCoder 0.1.0 */,
			);
			name = Dependencies;
			sourceTree = "<group>";
		};
		OBJ_25 /* ZIPFoundation 0.9.6 */ = {
			isa = PBXGroup;
			children = (
				OBJ_26 /* ZIPFoundation */,
				OBJ_34 /* Package.swift */,
			);
			name = "ZIPFoundation 0.9.6";
			sourceTree = SOURCE_ROOT;
		};
		OBJ_26 /* ZIPFoundation */ = {
			isa = PBXGroup;
			children = (
				OBJ_27 /* Archive+Reading.swift */,
				OBJ_28 /* Archive+Writing.swift */,
				OBJ_29 /* Archive.swift */,
				OBJ_30 /* Data+Compression.swift */,
				OBJ_31 /* Data+Serialization.swift */,
				OBJ_32 /* Entry.swift */,
				OBJ_33 /* FileManager+ZIP.swift */,
			);
			name = ZIPFoundation;
			path = ".build/checkouts/ZIPFoundation.git-1553630773966528904/Sources/ZIPFoundation";
			sourceTree = SOURCE_ROOT;
		};
		OBJ_35 /* XMLCoder 0.1.0 */ = {
			isa = PBXGroup;
			children = (
				OBJ_36 /* XMLCoder */,
				OBJ_51 /* Package.swift */,
			);
			name = "XMLCoder 0.1.0";
			sourceTree = SOURCE_ROOT;
		};
		OBJ_36 /* XMLCoder */ = {
			isa = PBXGroup;
			children = (
				OBJ_37 /* Decoder */,
				OBJ_43 /* Encoder */,
				OBJ_48 /* ISO8601DateFormatter.swift */,
				OBJ_49 /* XMLKey.swift */,
				OBJ_50 /* XMLStackParser.swift */,
			);
			name = XMLCoder;
			path = ".build/checkouts/XMLCoder.git--8189013463900790701/Sources/XMLCoder";
			sourceTree = SOURCE_ROOT;
		};
		OBJ_37 /* Decoder */ = {
			isa = PBXGroup;
			children = (
				OBJ_38 /* DecodingErrorExtension.swift */,
				OBJ_39 /* XMLDecoder.swift */,
				OBJ_40 /* XMLDecodingStorage.swift */,
				OBJ_41 /* XMLKeyedDecodingContainer.swift */,
				OBJ_42 /* XMLUnkeyedDecodingContainer.swift */,
			);
			path = Decoder;
			sourceTree = "<group>";
		};
		OBJ_43 /* Encoder */ = {
			isa = PBXGroup;
			children = (
				OBJ_44 /* EncodingErrorExtension.swift */,
				OBJ_45 /* XMLEncoder.swift */,
				OBJ_46 /* XMLEncodingStorage.swift */,
				OBJ_47 /* XMLReferencingEncoder.swift */,
			);
			path = Encoder;
			sourceTree = "<group>";
		};
		OBJ_5 /*  */ = {
			isa = PBXGroup;
			children = (
				OBJ_6 /* Package.swift */,
				OBJ_7 /* Configs */,
				OBJ_9 /* Sources */,
				OBJ_16 /* Tests */,
				OBJ_24 /* Dependencies */,
				OBJ_52 /* Products */,
				D15021C221A1C31800BFA4FC /* Frameworks */,
			);
			name = "";
			sourceTree = "<group>";
		};
		OBJ_52 /* Products */ = {
			isa = PBXGroup;
			children = (
				"CoreXLSX::CoreXLSX::Product" /* CoreXLSX.framework */,
				"CoreXLSX::CoreXLSXTests::Product" /* CoreXLSXTests.xctest */,
			);
			name = Products;
			sourceTree = BUILT_PRODUCTS_DIR;
		};
		OBJ_7 /* Configs */ = {
			isa = PBXGroup;
			children = (
				OBJ_8 /* Package.xcconfig */,
			);
			name = Configs;
			sourceTree = "<group>";
		};
		OBJ_9 /* Sources */ = {
			isa = PBXGroup;
			children = (
				OBJ_10 /* CoreXLSX */,
			);
			name = Sources;
			sourceTree = SOURCE_ROOT;
		};
/* End PBXGroup section */

/* Begin PBXNativeTarget section */
		"CoreXLSX::CoreXLSX" /* CoreXLSX */ = {
			isa = PBXNativeTarget;
			buildConfigurationList = OBJ_58 /* Build configuration list for PBXNativeTarget "CoreXLSX" */;
			buildPhases = (
				OBJ_61 /* Sources */,
				OBJ_67 /* Frameworks */,
			);
			buildRules = (
			);
			dependencies = (
			);
			name = CoreXLSX;
			productName = CoreXLSX;
			productReference = "CoreXLSX::CoreXLSX::Product" /* CoreXLSX.framework */;
			productType = "com.apple.product-type.framework";
		};
		"CoreXLSX::CoreXLSXTests" /* CoreXLSXTests */ = {
			isa = PBXNativeTarget;
			buildConfigurationList = OBJ_86 /* Build configuration list for PBXNativeTarget "CoreXLSXTests" */;
			buildPhases = (
				OBJ_89 /* Sources */,
				OBJ_94 /* Frameworks */,
				D15021C921A1C3BB00BFA4FC /* CopyFiles */,
			);
			buildRules = (
			);
			dependencies = (
				OBJ_98 /* PBXTargetDependency */,
			);
			name = CoreXLSXTests;
			productName = CoreXLSXTests;
			productReference = "CoreXLSX::CoreXLSXTests::Product" /* CoreXLSXTests.xctest */;
			productType = "com.apple.product-type.bundle.unit-test";
		};
		"CoreXLSX::SwiftPMPackageDescription" /* CoreXLSXPackageDescription */ = {
			isa = PBXNativeTarget;
			buildConfigurationList = OBJ_75 /* Build configuration list for PBXNativeTarget "CoreXLSXPackageDescription" */;
			buildPhases = (
				OBJ_78 /* Sources */,
			);
			buildRules = (
			);
			dependencies = (
			);
			name = CoreXLSXPackageDescription;
			productName = CoreXLSXPackageDescription;
			productType = "com.apple.product-type.framework";
		};
/* End PBXNativeTarget section */

/* Begin PBXProject section */
		OBJ_1 /* Project object */ = {
			isa = PBXProject;
			attributes = {
				LastUpgradeCheck = 9999;
			};
			buildConfigurationList = OBJ_2 /* Build configuration list for PBXProject "CoreXLSX" */;
			compatibilityVersion = "Xcode 3.2";
			developmentRegion = English;
			hasScannedForEncodings = 0;
			knownRegions = (
				en,
			);
			mainGroup = OBJ_5 /*  */;
			productRefGroup = OBJ_52 /* Products */;
			projectDirPath = "";
			projectRoot = "";
			targets = (
				"CoreXLSX::CoreXLSX" /* CoreXLSX */,
				"CoreXLSX::SwiftPMPackageDescription" /* CoreXLSXPackageDescription */,
				"CoreXLSX::CoreXLSXTests" /* CoreXLSXTests */,
			);
		};
/* End PBXProject section */

/* Begin PBXSourcesBuildPhase section */
		OBJ_61 /* Sources */ = {
			isa = PBXSourcesBuildPhase;
			buildActionMask = 0;
			files = (
				OBJ_62 /* CellReference.swift in Sources */,
				OBJ_63 /* ColumnReference.swift in Sources */,
				OBJ_64 /* CoreXLSX.swift in Sources */,
				OBJ_65 /* Relationships.swift in Sources */,
				OBJ_66 /* Worksheet.swift in Sources */,
			);
			runOnlyForDeploymentPostprocessing = 0;
		};
		OBJ_78 /* Sources */ = {
			isa = PBXSourcesBuildPhase;
			buildActionMask = 0;
			files = (
				OBJ_79 /* Package.swift in Sources */,
			);
			runOnlyForDeploymentPostprocessing = 0;
		};
		OBJ_89 /* Sources */ = {
			isa = PBXSourcesBuildPhase;
			buildActionMask = 0;
			files = (
				OBJ_90 /* CellReferenceTests.swift in Sources */,
				OBJ_91 /* CoreXLSXTests.swift in Sources */,
				OBJ_92 /* RelationshipsTests.swift in Sources */,
				OBJ_93 /* XCTestManifests.swift in Sources */,
			);
			runOnlyForDeploymentPostprocessing = 0;
		};
/* End PBXSourcesBuildPhase section */

/* Begin PBXTargetDependency section */
		OBJ_98 /* PBXTargetDependency */ = {
			isa = PBXTargetDependency;
			target = "CoreXLSX::CoreXLSX" /* CoreXLSX */;
			targetProxy = D15021BE21A1C23700BFA4FC /* PBXContainerItemProxy */;
		};
/* End PBXTargetDependency section */

/* Begin XCBuildConfiguration section */
		OBJ_3 /* Debug */ = {
			isa = XCBuildConfiguration;
			buildSettings = {
				CLANG_ENABLE_OBJC_ARC = YES;
				COMBINE_HIDPI_IMAGES = YES;
				COPY_PHASE_STRIP = NO;
				DEBUG_INFORMATION_FORMAT = dwarf;
				DYLIB_INSTALL_NAME_BASE = "@rpath";
				ENABLE_NS_ASSERTIONS = YES;
				GCC_OPTIMIZATION_LEVEL = 0;
				GCC_PREPROCESSOR_DEFINITIONS = (
					"DEBUG=1",
					"$(inherited)",
				);
				MACOSX_DEPLOYMENT_TARGET = 10.10;
				ONLY_ACTIVE_ARCH = YES;
				OTHER_SWIFT_FLAGS = "-DXcode";
				PRODUCT_NAME = "$(TARGET_NAME)";
				SDKROOT = macosx;
				SUPPORTED_PLATFORMS = "macosx iphoneos iphonesimulator appletvos appletvsimulator watchos watchsimulator";
				SWIFT_ACTIVE_COMPILATION_CONDITIONS = "SWIFT_PACKAGE DEBUG";
				SWIFT_OPTIMIZATION_LEVEL = "-Onone";
				USE_HEADERMAP = NO;
			};
			name = Debug;
		};
		OBJ_4 /* Release */ = {
			isa = XCBuildConfiguration;
			buildSettings = {
				CLANG_ENABLE_OBJC_ARC = YES;
				COMBINE_HIDPI_IMAGES = YES;
				COPY_PHASE_STRIP = YES;
				DEBUG_INFORMATION_FORMAT = "dwarf-with-dsym";
				DYLIB_INSTALL_NAME_BASE = "@rpath";
				GCC_OPTIMIZATION_LEVEL = s;
				MACOSX_DEPLOYMENT_TARGET = 10.10;
				OTHER_SWIFT_FLAGS = "-DXcode";
				PRODUCT_NAME = "$(TARGET_NAME)";
				SDKROOT = macosx;
				SUPPORTED_PLATFORMS = "macosx iphoneos iphonesimulator appletvos appletvsimulator watchos watchsimulator";
				SWIFT_ACTIVE_COMPILATION_CONDITIONS = SWIFT_PACKAGE;
				SWIFT_OPTIMIZATION_LEVEL = "-Owholemodule";
				USE_HEADERMAP = NO;
			};
			name = Release;
		};
		OBJ_59 /* Debug */ = {
			isa = XCBuildConfiguration;
			baseConfigurationReference = OBJ_8 /* Package.xcconfig */;
			buildSettings = {
				ENABLE_TESTABILITY = YES;
				FRAMEWORK_SEARCH_PATHS = (
					"$(inherited)",
					"$(PLATFORM_DIR)/Developer/Library/Frameworks",
					"$(PROJECT_DIR)/Carthage/Build/Mac",
				);
				HEADER_SEARCH_PATHS = "$(inherited)";
				INFOPLIST_FILE = CoreXLSX.xcodeproj/CoreXLSX_Info.plist;
				LD_RUNPATH_SEARCH_PATHS = "$(inherited) $(TOOLCHAIN_DIR)/usr/lib/swift/macosx";
				OTHER_CFLAGS = "$(inherited)";
				OTHER_LDFLAGS = "$(inherited)";
				OTHER_SWIFT_FLAGS = "$(inherited)";
				PRODUCT_BUNDLE_IDENTIFIER = CoreXLSX;
				PRODUCT_MODULE_NAME = "$(TARGET_NAME:c99extidentifier)";
				PRODUCT_NAME = "$(TARGET_NAME:c99extidentifier)";
				SKIP_INSTALL = YES;
				SWIFT_ACTIVE_COMPILATION_CONDITIONS = "$(inherited)";
				SWIFT_VERSION = 4.2;
				TARGET_NAME = CoreXLSX;
			};
			name = Debug;
		};
		OBJ_60 /* Release */ = {
			isa = XCBuildConfiguration;
			baseConfigurationReference = OBJ_8 /* Package.xcconfig */;
			buildSettings = {
				ENABLE_TESTABILITY = YES;
				FRAMEWORK_SEARCH_PATHS = (
					"$(inherited)",
					"$(PLATFORM_DIR)/Developer/Library/Frameworks",
					"$(PROJECT_DIR)/Carthage/Build/Mac",
				);
				HEADER_SEARCH_PATHS = "$(inherited)";
				INFOPLIST_FILE = CoreXLSX.xcodeproj/CoreXLSX_Info.plist;
				LD_RUNPATH_SEARCH_PATHS = "$(inherited) $(TOOLCHAIN_DIR)/usr/lib/swift/macosx";
				OTHER_CFLAGS = "$(inherited)";
				OTHER_LDFLAGS = "$(inherited)";
				OTHER_SWIFT_FLAGS = "$(inherited)";
				PRODUCT_BUNDLE_IDENTIFIER = CoreXLSX;
				PRODUCT_MODULE_NAME = "$(TARGET_NAME:c99extidentifier)";
				PRODUCT_NAME = "$(TARGET_NAME:c99extidentifier)";
				SKIP_INSTALL = YES;
				SWIFT_ACTIVE_COMPILATION_CONDITIONS = "$(inherited)";
				SWIFT_VERSION = 4.2;
				TARGET_NAME = CoreXLSX;
			};
			name = Release;
		};
		OBJ_76 /* Debug */ = {
			isa = XCBuildConfiguration;
			buildSettings = {
				LD = /usr/bin/true;
				OTHER_SWIFT_FLAGS = "-swift-version 4.2 -I $(TOOLCHAIN_DIR)/usr/lib/swift/pm/4_2 -target x86_64-apple-macosx10.10 -sdk /Applications/Xcode.app/Contents/Developer/Platforms/MacOSX.platform/Developer/SDKs/MacOSX10.14.sdk";
				SWIFT_VERSION = 4.2;
			};
			name = Debug;
		};
		OBJ_77 /* Release */ = {
			isa = XCBuildConfiguration;
			buildSettings = {
				LD = /usr/bin/true;
				OTHER_SWIFT_FLAGS = "-swift-version 4.2 -I $(TOOLCHAIN_DIR)/usr/lib/swift/pm/4_2 -target x86_64-apple-macosx10.10 -sdk /Applications/Xcode.app/Contents/Developer/Platforms/MacOSX.platform/Developer/SDKs/MacOSX10.14.sdk";
				SWIFT_VERSION = 4.2;
			};
			name = Release;
		};
		OBJ_87 /* Debug */ = {
			isa = XCBuildConfiguration;
			baseConfigurationReference = OBJ_8 /* Package.xcconfig */;
			buildSettings = {
				CLANG_ENABLE_MODULES = YES;
				EMBEDDED_CONTENT_CONTAINS_SWIFT = YES;
				FRAMEWORK_SEARCH_PATHS = (
					"$(inherited)",
					"$(PLATFORM_DIR)/Developer/Library/Frameworks",
					"$(PROJECT_DIR)/Carthage/Build/Mac",
				);
				HEADER_SEARCH_PATHS = "$(inherited)";
				INFOPLIST_FILE = CoreXLSX.xcodeproj/CoreXLSXTests_Info.plist;
				LD_RUNPATH_SEARCH_PATHS = "$(inherited) @loader_path/../Frameworks @loader_path/Frameworks";
				OTHER_CFLAGS = "$(inherited)";
				OTHER_LDFLAGS = "$(inherited)";
				OTHER_SWIFT_FLAGS = "$(inherited)";
				SWIFT_ACTIVE_COMPILATION_CONDITIONS = "$(inherited)";
				SWIFT_VERSION = 4.2;
				TARGET_NAME = CoreXLSXTests;
			};
			name = Debug;
		};
		OBJ_88 /* Release */ = {
			isa = XCBuildConfiguration;
			baseConfigurationReference = OBJ_8 /* Package.xcconfig */;
			buildSettings = {
				CLANG_ENABLE_MODULES = YES;
				EMBEDDED_CONTENT_CONTAINS_SWIFT = YES;
				FRAMEWORK_SEARCH_PATHS = (
					"$(inherited)",
					"$(PLATFORM_DIR)/Developer/Library/Frameworks",
					"$(PROJECT_DIR)/Carthage/Build/Mac",
				);
				HEADER_SEARCH_PATHS = "$(inherited)";
				INFOPLIST_FILE = CoreXLSX.xcodeproj/CoreXLSXTests_Info.plist;
				LD_RUNPATH_SEARCH_PATHS = "$(inherited) @loader_path/../Frameworks @loader_path/Frameworks";
				OTHER_CFLAGS = "$(inherited)";
				OTHER_LDFLAGS = "$(inherited)";
				OTHER_SWIFT_FLAGS = "$(inherited)";
				SWIFT_ACTIVE_COMPILATION_CONDITIONS = "$(inherited)";
				SWIFT_VERSION = 4.2;
				TARGET_NAME = CoreXLSXTests;
			};
			name = Release;
		};
/* End XCBuildConfiguration section */

/* Begin XCConfigurationList section */
		OBJ_2 /* Build configuration list for PBXProject "CoreXLSX" */ = {
			isa = XCConfigurationList;
			buildConfigurations = (
				OBJ_3 /* Debug */,
				OBJ_4 /* Release */,
			);
			defaultConfigurationIsVisible = 0;
			defaultConfigurationName = Release;
		};
		OBJ_58 /* Build configuration list for PBXNativeTarget "CoreXLSX" */ = {
			isa = XCConfigurationList;
			buildConfigurations = (
				OBJ_59 /* Debug */,
				OBJ_60 /* Release */,
			);
			defaultConfigurationIsVisible = 0;
			defaultConfigurationName = Release;
		};
		OBJ_75 /* Build configuration list for PBXNativeTarget "CoreXLSXPackageDescription" */ = {
			isa = XCConfigurationList;
			buildConfigurations = (
				OBJ_76 /* Debug */,
				OBJ_77 /* Release */,
			);
			defaultConfigurationIsVisible = 0;
			defaultConfigurationName = Release;
		};
		OBJ_86 /* Build configuration list for PBXNativeTarget "CoreXLSXTests" */ = {
			isa = XCConfigurationList;
			buildConfigurations = (
				OBJ_87 /* Debug */,
				OBJ_88 /* Release */,
			);
			defaultConfigurationIsVisible = 0;
			defaultConfigurationName = Release;
		};
/* End XCConfigurationList section */
	};
	rootObject = OBJ_1 /* Project object */;
}
