// !$*UTF8*$!
{
	archiveVersion = 1;
	classes = {
	};
	objectVersion = 51;
	objects = {

/* Begin PBXBuildFile section */
		82AAB1C822A154A800C30F99 /* Comments.swift in Sources */ = {isa = PBXBuildFile; fileRef = 82AAB1C722A154A800C30F99 /* Comments.swift */; };
		82AAB1CB22A1A16400C30F99 /* Comments.swift in Sources */ = {isa = PBXBuildFile; fileRef = 82AAB1C922A19EA700C30F99 /* Comments.swift */; };
		D12211DC227B555600888BCB /* Formula.swift in Sources */ = {isa = PBXBuildFile; fileRef = D12211DB227B555600888BCB /* Formula.swift */; };
		D15021C521A1C31800BFA4FC /* ZIPFoundation.framework in Frameworks */ = {isa = PBXBuildFile; fileRef = D15021C321A1C31800BFA4FC /* ZIPFoundation.framework */; };
		D15021C621A1C31800BFA4FC /* XMLCoder.framework in Frameworks */ = {isa = PBXBuildFile; fileRef = D15021C421A1C31800BFA4FC /* XMLCoder.framework */; };
		D15021C721A1C33E00BFA4FC /* ZIPFoundation.framework in Frameworks */ = {isa = PBXBuildFile; fileRef = D15021C321A1C31800BFA4FC /* ZIPFoundation.framework */; };
		D15021C821A1C33E00BFA4FC /* XMLCoder.framework in Frameworks */ = {isa = PBXBuildFile; fileRef = D15021C421A1C31800BFA4FC /* XMLCoder.framework */; };
		D15021CA21A1C3DF00BFA4FC /* XMLCoder.framework in CopyFiles */ = {isa = PBXBuildFile; fileRef = D15021C421A1C31800BFA4FC /* XMLCoder.framework */; settings = {ATTRIBUTES = (CodeSignOnCopy, RemoveHeadersOnCopy, ); }; };
		D15021CB21A1C3DF00BFA4FC /* ZIPFoundation.framework in CopyFiles */ = {isa = PBXBuildFile; fileRef = D15021C321A1C31800BFA4FC /* ZIPFoundation.framework */; settings = {ATTRIBUTES = (CodeSignOnCopy, RemoveHeadersOnCopy, ); }; };
		D15021DF21A1CB0500BFA4FC /* CellReference.swift in Sources */ = {isa = PBXBuildFile; fileRef = OBJ_11 /* CellReference.swift */; };
		D15021E021A1CB0500BFA4FC /* ColumnReference.swift in Sources */ = {isa = PBXBuildFile; fileRef = OBJ_12 /* ColumnReference.swift */; };
		D15021E121A1CB0500BFA4FC /* XLSXFile.swift in Sources */ = {isa = PBXBuildFile; fileRef = OBJ_13 /* XLSXFile.swift */; };
		D15021E221A1CB0500BFA4FC /* Relationships.swift in Sources */ = {isa = PBXBuildFile; fileRef = OBJ_14 /* Relationships.swift */; };
		D15021E321A1CB0500BFA4FC /* Worksheet.swift in Sources */ = {isa = PBXBuildFile; fileRef = OBJ_15 /* Worksheet.swift */; };
		D15021E621A1CB5000BFA4FC /* ZIPFoundation.framework in Frameworks */ = {isa = PBXBuildFile; fileRef = D15021E421A1CB5000BFA4FC /* ZIPFoundation.framework */; };
		D15021E721A1CB5000BFA4FC /* XMLCoder.framework in Frameworks */ = {isa = PBXBuildFile; fileRef = D15021E521A1CB5000BFA4FC /* XMLCoder.framework */; };
		D15021F921A1D1A500BFA4FC /* XMLCoder.framework in Frameworks */ = {isa = PBXBuildFile; fileRef = D15021F721A1D1A500BFA4FC /* XMLCoder.framework */; };
		D15021FA21A1D1A500BFA4FC /* ZIPFoundation.framework in Frameworks */ = {isa = PBXBuildFile; fileRef = D15021F821A1D1A500BFA4FC /* ZIPFoundation.framework */; };
		D15021FB21A1D1DB00BFA4FC /* CellReference.swift in Sources */ = {isa = PBXBuildFile; fileRef = OBJ_11 /* CellReference.swift */; };
		D15021FC21A1D1DB00BFA4FC /* ColumnReference.swift in Sources */ = {isa = PBXBuildFile; fileRef = OBJ_12 /* ColumnReference.swift */; };
		D15021FD21A1D1DB00BFA4FC /* XLSXFile.swift in Sources */ = {isa = PBXBuildFile; fileRef = OBJ_13 /* XLSXFile.swift */; };
		D15021FE21A1D1DB00BFA4FC /* Relationships.swift in Sources */ = {isa = PBXBuildFile; fileRef = OBJ_14 /* Relationships.swift */; };
		D15021FF21A1D1DB00BFA4FC /* Worksheet.swift in Sources */ = {isa = PBXBuildFile; fileRef = OBJ_15 /* Worksheet.swift */; };
		D150220F21A1D95400BFA4FC /* XMLCoder.framework in Frameworks */ = {isa = PBXBuildFile; fileRef = D150220D21A1D95400BFA4FC /* XMLCoder.framework */; };
		D150221021A1D95400BFA4FC /* ZIPFoundation.framework in Frameworks */ = {isa = PBXBuildFile; fileRef = D150220E21A1D95400BFA4FC /* ZIPFoundation.framework */; };
		D150221121A1D97E00BFA4FC /* CellReference.swift in Sources */ = {isa = PBXBuildFile; fileRef = OBJ_11 /* CellReference.swift */; };
		D150221221A1D97E00BFA4FC /* ColumnReference.swift in Sources */ = {isa = PBXBuildFile; fileRef = OBJ_12 /* ColumnReference.swift */; };
		D150221321A1D97E00BFA4FC /* XLSXFile.swift in Sources */ = {isa = PBXBuildFile; fileRef = OBJ_13 /* XLSXFile.swift */; };
		D150221421A1D97E00BFA4FC /* Relationships.swift in Sources */ = {isa = PBXBuildFile; fileRef = OBJ_14 /* Relationships.swift */; };
		D150221521A1D97E00BFA4FC /* Worksheet.swift in Sources */ = {isa = PBXBuildFile; fileRef = OBJ_15 /* Worksheet.swift */; };
		D15C747322CB459C0041320B /* Comments.swift in Sources */ = {isa = PBXBuildFile; fileRef = 82AAB1C722A154A800C30F99 /* Comments.swift */; };
		D15C747422CB459C0041320B /* Comments.swift in Sources */ = {isa = PBXBuildFile; fileRef = 82AAB1C722A154A800C30F99 /* Comments.swift */; };
		D15C747522CB459D0041320B /* Comments.swift in Sources */ = {isa = PBXBuildFile; fileRef = 82AAB1C722A154A800C30F99 /* Comments.swift */; };
		D1769CCC225F456A00521A47 /* Namespaces.swift in Sources */ = {isa = PBXBuildFile; fileRef = D1769CCA225F456300521A47 /* Namespaces.swift */; };
		D1A8190921A9CB89004FCA33 /* Worksheet.swift in Sources */ = {isa = PBXBuildFile; fileRef = D1A8190821A9CB89004FCA33 /* Worksheet.swift */; };
		D1A8190B21A9D0EF004FCA33 /* Cell.swift in Sources */ = {isa = PBXBuildFile; fileRef = D1A8190A21A9D0EF004FCA33 /* Cell.swift */; };
		D1A8190D21A9D139004FCA33 /* Cell.swift in Sources */ = {isa = PBXBuildFile; fileRef = D1A8190A21A9D0EF004FCA33 /* Cell.swift */; };
		D1A8190E21A9D13B004FCA33 /* Cell.swift in Sources */ = {isa = PBXBuildFile; fileRef = D1A8190A21A9D0EF004FCA33 /* Cell.swift */; };
		D1A8190F21A9D13B004FCA33 /* Cell.swift in Sources */ = {isa = PBXBuildFile; fileRef = D1A8190A21A9D0EF004FCA33 /* Cell.swift */; };
		D1A8191121A9D4ED004FCA33 /* CellQueries.swift in Sources */ = {isa = PBXBuildFile; fileRef = D1A8191021A9D4ED004FCA33 /* CellQueries.swift */; };
		D1A8191221A9D4F7004FCA33 /* CellQueries.swift in Sources */ = {isa = PBXBuildFile; fileRef = D1A8191021A9D4ED004FCA33 /* CellQueries.swift */; };
		D1A8191321A9D4F8004FCA33 /* CellQueries.swift in Sources */ = {isa = PBXBuildFile; fileRef = D1A8191021A9D4ED004FCA33 /* CellQueries.swift */; };
		D1A8191421A9D4F8004FCA33 /* CellQueries.swift in Sources */ = {isa = PBXBuildFile; fileRef = D1A8191021A9D4ED004FCA33 /* CellQueries.swift */; };
		D1B4F8E0221C10AC00C53C42 /* Path.swift in Sources */ = {isa = PBXBuildFile; fileRef = D1B4F8DF221C10AC00C53C42 /* Path.swift */; };
		D1B4F8E1221C10AC00C53C42 /* Path.swift in Sources */ = {isa = PBXBuildFile; fileRef = D1B4F8DF221C10AC00C53C42 /* Path.swift */; };
		D1B4F8E2221C10AC00C53C42 /* Path.swift in Sources */ = {isa = PBXBuildFile; fileRef = D1B4F8DF221C10AC00C53C42 /* Path.swift */; };
		D1B4F8E3221C10AC00C53C42 /* Path.swift in Sources */ = {isa = PBXBuildFile; fileRef = D1B4F8DF221C10AC00C53C42 /* Path.swift */; };
		D1B6A2C42297F0F3005B8A6E /* Border.swift in Sources */ = {isa = PBXBuildFile; fileRef = D1B6A2C32297F0F3005B8A6E /* Border.swift */; };
		D1BBD9C6223D0E2F00B28C7B /* Styles.swift in Sources */ = {isa = PBXBuildFile; fileRef = D1BBD9C5223D0E2F00B28C7B /* Styles.swift */; };
		D1BBD9C7223D0E2F00B28C7B /* Styles.swift in Sources */ = {isa = PBXBuildFile; fileRef = D1BBD9C5223D0E2F00B28C7B /* Styles.swift */; };
		D1BBD9C8223D0E2F00B28C7B /* Styles.swift in Sources */ = {isa = PBXBuildFile; fileRef = D1BBD9C5223D0E2F00B28C7B /* Styles.swift */; };
		D1BBD9C9223D0E2F00B28C7B /* Styles.swift in Sources */ = {isa = PBXBuildFile; fileRef = D1BBD9C5223D0E2F00B28C7B /* Styles.swift */; };
		D1BBD9D8223D3E0E00B28C7B /* Styles.swift in Sources */ = {isa = PBXBuildFile; fileRef = D1BBD9D3223D3D5C00B28C7B /* Styles.swift */; };
		D1C96B8021A806A500303975 /* Workbook.swift in Sources */ = {isa = PBXBuildFile; fileRef = D1C96B7F21A806A500303975 /* Workbook.swift */; };
		D1C96B8321A80EC000303975 /* Workbook.swift in Sources */ = {isa = PBXBuildFile; fileRef = D1C96B8121A80E5900303975 /* Workbook.swift */; };
		D1EB1B3421B151440043CD1E /* SharedStrings.swift in Sources */ = {isa = PBXBuildFile; fileRef = D1EB1B3321B151440043CD1E /* SharedStrings.swift */; };
		D1EB9C6C21A98FFE002F2254 /* Workbook.swift in Sources */ = {isa = PBXBuildFile; fileRef = D1C96B7F21A806A500303975 /* Workbook.swift */; };
		D1EB9C6D21A98FFE002F2254 /* Workbook.swift in Sources */ = {isa = PBXBuildFile; fileRef = D1C96B7F21A806A500303975 /* Workbook.swift */; };
		D1EB9C6E21A98FFE002F2254 /* Workbook.swift in Sources */ = {isa = PBXBuildFile; fileRef = D1C96B7F21A806A500303975 /* Workbook.swift */; };
		D1EF5CB72493C62000B30B12 /* CellQueries.swift in Sources */ = {isa = PBXBuildFile; fileRef = D1EF5CB62493C62000B30B12 /* CellQueries.swift */; };
		D1FD863E21A1F09E00B7F8D6 /* SharedStrings.swift in Sources */ = {isa = PBXBuildFile; fileRef = D1FD863D21A1F09E00B7F8D6 /* SharedStrings.swift */; };
		D1FD863F21A1F09E00B7F8D6 /* SharedStrings.swift in Sources */ = {isa = PBXBuildFile; fileRef = D1FD863D21A1F09E00B7F8D6 /* SharedStrings.swift */; };
		D1FD864021A1F09E00B7F8D6 /* SharedStrings.swift in Sources */ = {isa = PBXBuildFile; fileRef = D1FD863D21A1F09E00B7F8D6 /* SharedStrings.swift */; };
		D1FD864121A1F09E00B7F8D6 /* SharedStrings.swift in Sources */ = {isa = PBXBuildFile; fileRef = D1FD863D21A1F09E00B7F8D6 /* SharedStrings.swift */; };
		OBJ_62 /* CellReference.swift in Sources */ = {isa = PBXBuildFile; fileRef = OBJ_11 /* CellReference.swift */; };
		OBJ_63 /* ColumnReference.swift in Sources */ = {isa = PBXBuildFile; fileRef = OBJ_12 /* ColumnReference.swift */; };
		OBJ_64 /* XLSXFile.swift in Sources */ = {isa = PBXBuildFile; fileRef = OBJ_13 /* XLSXFile.swift */; };
		OBJ_65 /* Relationships.swift in Sources */ = {isa = PBXBuildFile; fileRef = OBJ_14 /* Relationships.swift */; };
		OBJ_66 /* Worksheet.swift in Sources */ = {isa = PBXBuildFile; fileRef = OBJ_15 /* Worksheet.swift */; };
		OBJ_90 /* CellReference.swift in Sources */ = {isa = PBXBuildFile; fileRef = OBJ_18 /* CellReference.swift */; };
		OBJ_91 /* XLSXFile.swift in Sources */ = {isa = PBXBuildFile; fileRef = OBJ_19 /* XLSXFile.swift */; };
		OBJ_92 /* Relationships.swift in Sources */ = {isa = PBXBuildFile; fileRef = OBJ_20 /* Relationships.swift */; };
		OBJ_93 /* XCTestManifests.swift in Sources */ = {isa = PBXBuildFile; fileRef = OBJ_21 /* XCTestManifests.swift */; };
/* End PBXBuildFile section */

/* Begin PBXContainerItemProxy section */
		D15021BE21A1C23700BFA4FC /* PBXContainerItemProxy */ = {
			isa = PBXContainerItemProxy;
			containerPortal = OBJ_1 /* Project object */;
			proxyType = 1;
			remoteGlobalIDString = "CoreXLSX::CoreXLSX";
			remoteInfo = CoreXLSX;
		};
/* End PBXContainerItemProxy section */

/* Begin PBXCopyFilesBuildPhase section */
		D15021C921A1C3BB00BFA4FC /* CopyFiles */ = {
			isa = PBXCopyFilesBuildPhase;
			buildActionMask = 2147483647;
			dstPath = "";
			dstSubfolderSpec = 10;
			files = (
				D15021CA21A1C3DF00BFA4FC /* XMLCoder.framework in CopyFiles */,
				D15021CB21A1C3DF00BFA4FC /* ZIPFoundation.framework in CopyFiles */,
			);
			runOnlyForDeploymentPostprocessing = 0;
		};
/* End PBXCopyFilesBuildPhase section */

/* Begin PBXFileReference section */
		82AAB1C722A154A800C30F99 /* Comments.swift */ = {isa = PBXFileReference; lastKnownFileType = sourcecode.swift; path = Comments.swift; sourceTree = "<group>"; };
		82AAB1C922A19EA700C30F99 /* Comments.swift */ = {isa = PBXFileReference; lastKnownFileType = sourcecode.swift; path = Comments.swift; sourceTree = "<group>"; };
		"CoreXLSX::CoreXLSX::Product" /* CoreXLSX.framework */ = {isa = PBXFileReference; explicitFileType = wrapper.framework; path = CoreXLSX.framework; sourceTree = BUILT_PRODUCTS_DIR; };
		"CoreXLSX::CoreXLSXTests::Product" /* CoreXLSXTests.xctest */ = {isa = PBXFileReference; explicitFileType = wrapper.cfbundle; path = CoreXLSXTests.xctest; sourceTree = BUILT_PRODUCTS_DIR; };
		D12211DB227B555600888BCB /* Formula.swift */ = {isa = PBXFileReference; lastKnownFileType = sourcecode.swift; path = Formula.swift; sourceTree = "<group>"; };
		D15021C321A1C31800BFA4FC /* ZIPFoundation.framework */ = {isa = PBXFileReference; lastKnownFileType = wrapper.framework; name = ZIPFoundation.framework; path = Carthage/Build/Mac/ZIPFoundation.framework; sourceTree = "<group>"; };
		D15021C421A1C31800BFA4FC /* XMLCoder.framework */ = {isa = PBXFileReference; lastKnownFileType = wrapper.framework; name = XMLCoder.framework; path = Carthage/Build/Mac/XMLCoder.framework; sourceTree = "<group>"; };
		D15021D121A1CA7D00BFA4FC /* CoreXLSX.framework */ = {isa = PBXFileReference; explicitFileType = wrapper.framework; includeInIndex = 0; path = CoreXLSX.framework; sourceTree = BUILT_PRODUCTS_DIR; };
		D15021D921A1CAB900BFA4FC /* README.md */ = {isa = PBXFileReference; lastKnownFileType = net.daringfireball.markdown; path = README.md; sourceTree = "<group>"; };
		D15021DA21A1CAB900BFA4FC /* CHANGELOG.md */ = {isa = PBXFileReference; lastKnownFileType = net.daringfireball.markdown; path = CHANGELOG.md; sourceTree = "<group>"; };
		D15021DB21A1CAB900BFA4FC /* CoreXLSX.podspec */ = {isa = PBXFileReference; lastKnownFileType = text; path = CoreXLSX.podspec; sourceTree = "<group>"; };
		D15021DC21A1CABA00BFA4FC /* LICENSE.md */ = {isa = PBXFileReference; lastKnownFileType = net.daringfireball.markdown; path = LICENSE.md; sourceTree = "<group>"; };
		D15021DD21A1CABA00BFA4FC /* codecov.yml */ = {isa = PBXFileReference; lastKnownFileType = text; path = codecov.yml; sourceTree = "<group>"; };
		D15021DE21A1CABA00BFA4FC /* Cartfile */ = {isa = PBXFileReference; lastKnownFileType = text; path = Cartfile; sourceTree = "<group>"; };
		D15021E421A1CB5000BFA4FC /* ZIPFoundation.framework */ = {isa = PBXFileReference; lastKnownFileType = wrapper.framework; name = ZIPFoundation.framework; path = Carthage/Build/tvOS/ZIPFoundation.framework; sourceTree = "<group>"; };
		D15021E521A1CB5000BFA4FC /* XMLCoder.framework */ = {isa = PBXFileReference; lastKnownFileType = wrapper.framework; name = XMLCoder.framework; path = Carthage/Build/tvOS/XMLCoder.framework; sourceTree = "<group>"; };
		D15021EF21A1D11900BFA4FC /* CoreXLSX.framework */ = {isa = PBXFileReference; explicitFileType = wrapper.framework; includeInIndex = 0; path = CoreXLSX.framework; sourceTree = BUILT_PRODUCTS_DIR; };
		D15021F721A1D1A500BFA4FC /* XMLCoder.framework */ = {isa = PBXFileReference; lastKnownFileType = wrapper.framework; name = XMLCoder.framework; path = Carthage/Build/iOS/XMLCoder.framework; sourceTree = "<group>"; };
		D15021F821A1D1A500BFA4FC /* ZIPFoundation.framework */ = {isa = PBXFileReference; lastKnownFileType = wrapper.framework; name = ZIPFoundation.framework; path = Carthage/Build/iOS/ZIPFoundation.framework; sourceTree = "<group>"; };
		D150220521A1D8DC00BFA4FC /* CoreXLSX.framework */ = {isa = PBXFileReference; explicitFileType = wrapper.framework; includeInIndex = 0; path = CoreXLSX.framework; sourceTree = BUILT_PRODUCTS_DIR; };
		D150220D21A1D95400BFA4FC /* XMLCoder.framework */ = {isa = PBXFileReference; lastKnownFileType = wrapper.framework; name = XMLCoder.framework; path = Carthage/Build/watchOS/XMLCoder.framework; sourceTree = "<group>"; };
		D150220E21A1D95400BFA4FC /* ZIPFoundation.framework */ = {isa = PBXFileReference; lastKnownFileType = wrapper.framework; name = ZIPFoundation.framework; path = Carthage/Build/watchOS/ZIPFoundation.framework; sourceTree = "<group>"; };
		D1769CCA225F456300521A47 /* Namespaces.swift */ = {isa = PBXFileReference; fileEncoding = 4; lastKnownFileType = sourcecode.swift; path = Namespaces.swift; sourceTree = "<group>"; };
		D1A8190821A9CB89004FCA33 /* Worksheet.swift */ = {isa = PBXFileReference; lastKnownFileType = sourcecode.swift; path = Worksheet.swift; sourceTree = "<group>"; };
		D1A8190A21A9D0EF004FCA33 /* Cell.swift */ = {isa = PBXFileReference; lastKnownFileType = sourcecode.swift; path = Cell.swift; sourceTree = "<group>"; };
		D1A8191021A9D4ED004FCA33 /* CellQueries.swift */ = {isa = PBXFileReference; lastKnownFileType = sourcecode.swift; path = CellQueries.swift; sourceTree = "<group>"; };
		D1B4F8DF221C10AC00C53C42 /* Path.swift */ = {isa = PBXFileReference; lastKnownFileType = sourcecode.swift; path = Path.swift; sourceTree = "<group>"; };
		D1B6A2C32297F0F3005B8A6E /* Border.swift */ = {isa = PBXFileReference; lastKnownFileType = sourcecode.swift; path = Border.swift; sourceTree = "<group>"; };
		D1BBD9C5223D0E2F00B28C7B /* Styles.swift */ = {isa = PBXFileReference; lastKnownFileType = sourcecode.swift; path = Styles.swift; sourceTree = "<group>"; };
		D1BBD9D3223D3D5C00B28C7B /* Styles.swift */ = {isa = PBXFileReference; lastKnownFileType = sourcecode.swift; path = Styles.swift; sourceTree = "<group>"; };
		D1C96B7F21A806A500303975 /* Workbook.swift */ = {isa = PBXFileReference; lastKnownFileType = sourcecode.swift; path = Workbook.swift; sourceTree = "<group>"; };
		D1C96B8121A80E5900303975 /* Workbook.swift */ = {isa = PBXFileReference; lastKnownFileType = sourcecode.swift; path = Workbook.swift; sourceTree = "<group>"; };
		D1EB1B3321B151440043CD1E /* SharedStrings.swift */ = {isa = PBXFileReference; lastKnownFileType = sourcecode.swift; path = SharedStrings.swift; sourceTree = "<group>"; };
		D1EF5CB62493C62000B30B12 /* CellQueries.swift */ = {isa = PBXFileReference; lastKnownFileType = sourcecode.swift; path = CellQueries.swift; sourceTree = "<group>"; };
		D1FD863D21A1F09E00B7F8D6 /* SharedStrings.swift */ = {isa = PBXFileReference; lastKnownFileType = sourcecode.swift; path = SharedStrings.swift; sourceTree = "<group>"; };
		OBJ_11 /* CellReference.swift */ = {isa = PBXFileReference; lastKnownFileType = sourcecode.swift; path = CellReference.swift; sourceTree = "<group>"; };
		OBJ_12 /* ColumnReference.swift */ = {isa = PBXFileReference; lastKnownFileType = sourcecode.swift; path = ColumnReference.swift; sourceTree = "<group>"; };
		OBJ_13 /* XLSXFile.swift */ = {isa = PBXFileReference; lastKnownFileType = sourcecode.swift; path = XLSXFile.swift; sourceTree = "<group>"; };
		OBJ_14 /* Relationships.swift */ = {isa = PBXFileReference; lastKnownFileType = sourcecode.swift; path = Relationships.swift; sourceTree = "<group>"; };
		OBJ_15 /* Worksheet.swift */ = {isa = PBXFileReference; lastKnownFileType = sourcecode.swift; path = Worksheet.swift; sourceTree = "<group>"; };
		OBJ_18 /* CellReference.swift */ = {isa = PBXFileReference; lastKnownFileType = sourcecode.swift; path = CellReference.swift; sourceTree = "<group>"; };
		OBJ_19 /* XLSXFile.swift */ = {isa = PBXFileReference; lastKnownFileType = sourcecode.swift; path = XLSXFile.swift; sourceTree = "<group>"; };
		OBJ_20 /* Relationships.swift */ = {isa = PBXFileReference; lastKnownFileType = sourcecode.swift; path = Relationships.swift; sourceTree = "<group>"; };
		OBJ_21 /* XCTestManifests.swift */ = {isa = PBXFileReference; lastKnownFileType = sourcecode.swift; path = XCTestManifests.swift; sourceTree = "<group>"; };
		OBJ_6 /* Package.swift */ = {isa = PBXFileReference; explicitFileType = sourcecode.swift; path = Package.swift; sourceTree = "<group>"; };
		OBJ_8 /* Package.xcconfig */ = {isa = PBXFileReference; lastKnownFileType = text.xcconfig; path = Package.xcconfig; sourceTree = "<group>"; };
/* End PBXFileReference section */

/* Begin PBXFrameworksBuildPhase section */
		D15021CE21A1CA7D00BFA4FC /* Frameworks */ = {
			isa = PBXFrameworksBuildPhase;
			buildActionMask = 2147483647;
			files = (
				D15021E621A1CB5000BFA4FC /* ZIPFoundation.framework in Frameworks */,
				D15021E721A1CB5000BFA4FC /* XMLCoder.framework in Frameworks */,
			);
			runOnlyForDeploymentPostprocessing = 0;
		};
		D15021EC21A1D11900BFA4FC /* Frameworks */ = {
			isa = PBXFrameworksBuildPhase;
			buildActionMask = 2147483647;
			files = (
				D15021F921A1D1A500BFA4FC /* XMLCoder.framework in Frameworks */,
				D15021FA21A1D1A500BFA4FC /* ZIPFoundation.framework in Frameworks */,
			);
			runOnlyForDeploymentPostprocessing = 0;
		};
		D150220221A1D8DC00BFA4FC /* Frameworks */ = {
			isa = PBXFrameworksBuildPhase;
			buildActionMask = 2147483647;
			files = (
				D150220F21A1D95400BFA4FC /* XMLCoder.framework in Frameworks */,
				D150221021A1D95400BFA4FC /* ZIPFoundation.framework in Frameworks */,
			);
			runOnlyForDeploymentPostprocessing = 0;
		};
		OBJ_67 /* Frameworks */ = {
			isa = PBXFrameworksBuildPhase;
			buildActionMask = 0;
			files = (
				D15021C521A1C31800BFA4FC /* ZIPFoundation.framework in Frameworks */,
				D15021C621A1C31800BFA4FC /* XMLCoder.framework in Frameworks */,
			);
			runOnlyForDeploymentPostprocessing = 0;
		};
		OBJ_94 /* Frameworks */ = {
			isa = PBXFrameworksBuildPhase;
			buildActionMask = 0;
			files = (
				D15021C721A1C33E00BFA4FC /* ZIPFoundation.framework in Frameworks */,
				D15021C821A1C33E00BFA4FC /* XMLCoder.framework in Frameworks */,
			);
			runOnlyForDeploymentPostprocessing = 0;
		};
/* End PBXFrameworksBuildPhase section */

/* Begin PBXGroup section */
		D15021C221A1C31800BFA4FC /* Frameworks */ = {
			isa = PBXGroup;
			children = (
				D15BA1B921A1EC6A00CB3C7B /* iOS */,
				D15BA1BA21A1EC7C00CB3C7B /* watchOS */,
				D15021E921A1CB7700BFA4FC /* macOS */,
				D15021E821A1CB6300BFA4FC /* tvOS */,
			);
			name = Frameworks;
			sourceTree = "<group>";
		};
		D15021E821A1CB6300BFA4FC /* tvOS */ = {
			isa = PBXGroup;
			children = (
				D15021E521A1CB5000BFA4FC /* XMLCoder.framework */,
				D15021E421A1CB5000BFA4FC /* ZIPFoundation.framework */,
			);
			name = tvOS;
			sourceTree = "<group>";
		};
		D15021E921A1CB7700BFA4FC /* macOS */ = {
			isa = PBXGroup;
			children = (
				D15021C421A1C31800BFA4FC /* XMLCoder.framework */,
				D15021C321A1C31800BFA4FC /* ZIPFoundation.framework */,
			);
			name = macOS;
			sourceTree = "<group>";
		};
		D15BA1B921A1EC6A00CB3C7B /* iOS */ = {
			isa = PBXGroup;
			children = (
				D15021F721A1D1A500BFA4FC /* XMLCoder.framework */,
				D15021F821A1D1A500BFA4FC /* ZIPFoundation.framework */,
			);
			name = iOS;
			sourceTree = "<group>";
		};
		D15BA1BA21A1EC7C00CB3C7B /* watchOS */ = {
			isa = PBXGroup;
			children = (
				D150220D21A1D95400BFA4FC /* XMLCoder.framework */,
				D150220E21A1D95400BFA4FC /* ZIPFoundation.framework */,
			);
			name = watchOS;
			sourceTree = "<group>";
		};
		D1A8190C21A9D107004FCA33 /* Worksheet */ = {
			isa = PBXGroup;
			children = (
				OBJ_11 /* CellReference.swift */,
				OBJ_12 /* ColumnReference.swift */,
				D1A8190A21A9D0EF004FCA33 /* Cell.swift */,
				D1A8191021A9D4ED004FCA33 /* CellQueries.swift */,
				OBJ_15 /* Worksheet.swift */,
			);
			path = Worksheet;
			sourceTree = "<group>";
		};
		OBJ_10 /* CoreXLSX */ = {
			isa = PBXGroup;
			children = (
				D1A8190C21A9D107004FCA33 /* Worksheet */,
				OBJ_13 /* XLSXFile.swift */,
				OBJ_14 /* Relationships.swift */,
				D1C96B7F21A806A500303975 /* Workbook.swift */,
				D1FD863D21A1F09E00B7F8D6 /* SharedStrings.swift */,
				D1B4F8DF221C10AC00C53C42 /* Path.swift */,
				D1BBD9C5223D0E2F00B28C7B /* Styles.swift */,
				82AAB1C722A154A800C30F99 /* Comments.swift */,
			);
			name = CoreXLSX;
			path = Sources/CoreXLSX;
			sourceTree = SOURCE_ROOT;
		};
		OBJ_16 /* Tests */ = {
			isa = PBXGroup;
			children = (
				OBJ_17 /* CoreXLSXTests */,
			);
			name = Tests;
			sourceTree = SOURCE_ROOT;
		};
		OBJ_17 /* CoreXLSXTests */ = {
			isa = PBXGroup;
			children = (
				D1B6A2C32297F0F3005B8A6E /* Border.swift */,
				OBJ_18 /* CellReference.swift */,
				OBJ_19 /* XLSXFile.swift */,
				D12211DB227B555600888BCB /* Formula.swift */,
				D1769CCA225F456300521A47 /* Namespaces.swift */,
				OBJ_20 /* Relationships.swift */,
				D1EB1B3321B151440043CD1E /* SharedStrings.swift */,
				D1BBD9D3223D3D5C00B28C7B /* Styles.swift */,
				D1C96B8121A80E5900303975 /* Workbook.swift */,
				D1A8190821A9CB89004FCA33 /* Worksheet.swift */,
				OBJ_21 /* XCTestManifests.swift */,
				82AAB1C922A19EA700C30F99 /* Comments.swift */,
				D1EF5CB62493C62000B30B12 /* CellQueries.swift */,
			);
			name = CoreXLSXTests;
			path = Tests/CoreXLSXTests;
			sourceTree = SOURCE_ROOT;
		};
		OBJ_5 = {
			isa = PBXGroup;
			children = (
				D15021DE21A1CABA00BFA4FC /* Cartfile */,
				D15021DA21A1CAB900BFA4FC /* CHANGELOG.md */,
				D15021DD21A1CABA00BFA4FC /* codecov.yml */,
				D15021DB21A1CAB900BFA4FC /* CoreXLSX.podspec */,
				D15021DC21A1CABA00BFA4FC /* LICENSE.md */,
				D15021D921A1CAB900BFA4FC /* README.md */,
				OBJ_6 /* Package.swift */,
				OBJ_7 /* Configs */,
				OBJ_9 /* Sources */,
				OBJ_16 /* Tests */,
				OBJ_52 /* Products */,
				D15021C221A1C31800BFA4FC /* Frameworks */,
			);
			indentWidth = 2;
			sourceTree = "<group>";
			tabWidth = 2;
		};
		OBJ_52 /* Products */ = {
			isa = PBXGroup;
			children = (
				"CoreXLSX::CoreXLSX::Product" /* CoreXLSX.framework */,
				"CoreXLSX::CoreXLSXTests::Product" /* CoreXLSXTests.xctest */,
				D15021D121A1CA7D00BFA4FC /* CoreXLSX.framework */,
				D15021EF21A1D11900BFA4FC /* CoreXLSX.framework */,
				D150220521A1D8DC00BFA4FC /* CoreXLSX.framework */,
			);
			name = Products;
			sourceTree = BUILT_PRODUCTS_DIR;
		};
		OBJ_7 /* Configs */ = {
			isa = PBXGroup;
			children = (
				OBJ_8 /* Package.xcconfig */,
			);
			name = Configs;
			sourceTree = "<group>";
		};
		OBJ_9 /* Sources */ = {
			isa = PBXGroup;
			children = (
				OBJ_10 /* CoreXLSX */,
			);
			name = Sources;
			sourceTree = SOURCE_ROOT;
		};
/* End PBXGroup section */

/* Begin PBXHeadersBuildPhase section */
		D15021CC21A1CA7D00BFA4FC /* Headers */ = {
			isa = PBXHeadersBuildPhase;
			buildActionMask = 2147483647;
			files = (
			);
			runOnlyForDeploymentPostprocessing = 0;
		};
		D15021EA21A1D11900BFA4FC /* Headers */ = {
			isa = PBXHeadersBuildPhase;
			buildActionMask = 2147483647;
			files = (
			);
			runOnlyForDeploymentPostprocessing = 0;
		};
		D150220021A1D8DC00BFA4FC /* Headers */ = {
			isa = PBXHeadersBuildPhase;
			buildActionMask = 2147483647;
			files = (
			);
			runOnlyForDeploymentPostprocessing = 0;
		};
/* End PBXHeadersBuildPhase section */

/* Begin PBXNativeTarget section */
		"CoreXLSX::CoreXLSX" /* CoreXLSXmacOS */ = {
			isa = PBXNativeTarget;
			buildConfigurationList = OBJ_58 /* Build configuration list for PBXNativeTarget "CoreXLSXmacOS" */;
			buildPhases = (
				D1B4F8DE221C05CF00C53C42 /* ShellScript */,
				OBJ_61 /* Sources */,
				OBJ_67 /* Frameworks */,
			);
			buildRules = (
			);
			dependencies = (
			);
			name = CoreXLSXmacOS;
			productName = CoreXLSX;
			productReference = "CoreXLSX::CoreXLSX::Product" /* CoreXLSX.framework */;
			productType = "com.apple.product-type.framework";
		};
		"CoreXLSX::CoreXLSXTests" /* CoreXLSXTests */ = {
			isa = PBXNativeTarget;
			buildConfigurationList = OBJ_86 /* Build configuration list for PBXNativeTarget "CoreXLSXTests" */;
			buildPhases = (
				OBJ_89 /* Sources */,
				OBJ_94 /* Frameworks */,
				D15021C921A1C3BB00BFA4FC /* CopyFiles */,
			);
			buildRules = (
			);
			dependencies = (
				OBJ_98 /* PBXTargetDependency */,
			);
			name = CoreXLSXTests;
			productName = CoreXLSXTests;
			productReference = "CoreXLSX::CoreXLSXTests::Product" /* CoreXLSXTests.xctest */;
			productType = "com.apple.product-type.bundle.unit-test";
		};
		D15021D021A1CA7D00BFA4FC /* CoreXLSXtvOS */ = {
			isa = PBXNativeTarget;
			buildConfigurationList = D15021D621A1CA7D00BFA4FC /* Build configuration list for PBXNativeTarget "CoreXLSXtvOS" */;
			buildPhases = (
				D15021CC21A1CA7D00BFA4FC /* Headers */,
				D15021CD21A1CA7D00BFA4FC /* Sources */,
				D15021CE21A1CA7D00BFA4FC /* Frameworks */,
				D15021CF21A1CA7D00BFA4FC /* Resources */,
			);
			buildRules = (
			);
			dependencies = (
			);
			name = CoreXLSXtvOS;
			productName = CoreXLSXtvOS;
			productReference = D15021D121A1CA7D00BFA4FC /* CoreXLSX.framework */;
			productType = "com.apple.product-type.framework";
		};
		D15021EE21A1D11900BFA4FC /* CoreXLSXiOS */ = {
			isa = PBXNativeTarget;
			buildConfigurationList = D15021F621A1D11A00BFA4FC /* Build configuration list for PBXNativeTarget "CoreXLSXiOS" */;
			buildPhases = (
				D15021EA21A1D11900BFA4FC /* Headers */,
				D15021EB21A1D11900BFA4FC /* Sources */,
				D15021EC21A1D11900BFA4FC /* Frameworks */,
				D15021ED21A1D11900BFA4FC /* Resources */,
			);
			buildRules = (
			);
			dependencies = (
			);
			name = CoreXLSXiOS;
			productName = CoreXLSXiOS;
			productReference = D15021EF21A1D11900BFA4FC /* CoreXLSX.framework */;
			productType = "com.apple.product-type.framework";
		};
		D150220421A1D8DC00BFA4FC /* CoreXLSXwatchOS */ = {
			isa = PBXNativeTarget;
			buildConfigurationList = D150220A21A1D8DC00BFA4FC /* Build configuration list for PBXNativeTarget "CoreXLSXwatchOS" */;
			buildPhases = (
				D150220021A1D8DC00BFA4FC /* Headers */,
				D150220121A1D8DC00BFA4FC /* Sources */,
				D150220221A1D8DC00BFA4FC /* Frameworks */,
				D150220321A1D8DC00BFA4FC /* Resources */,
			);
			buildRules = (
			);
			dependencies = (
			);
			name = CoreXLSXwatchOS;
			productName = CoreXLSXwatchOS;
			productReference = D150220521A1D8DC00BFA4FC /* CoreXLSX.framework */;
			productType = "com.apple.product-type.framework";
		};
/* End PBXNativeTarget section */

/* Begin PBXProject section */
		OBJ_1 /* Project object */ = {
			isa = PBXProject;
			attributes = {
				LastUpgradeCheck = 9999;
				TargetAttributes = {
					D15021D021A1CA7D00BFA4FC = {
						CreatedOnToolsVersion = 10.1;
					};
					D15021EE21A1D11900BFA4FC = {
						CreatedOnToolsVersion = 10.1;
					};
					D150220421A1D8DC00BFA4FC = {
						CreatedOnToolsVersion = 10.1;
					};
				};
			};
			buildConfigurationList = OBJ_2 /* Build configuration list for PBXProject "CoreXLSX" */;
			compatibilityVersion = "Xcode 10.0";
			developmentRegion = en;
			hasScannedForEncodings = 0;
			knownRegions = (
				en,
				Base,
			);
			mainGroup = OBJ_5;
			productRefGroup = OBJ_52 /* Products */;
			projectDirPath = "";
			projectRoot = "";
			targets = (
				"CoreXLSX::CoreXLSX" /* CoreXLSXmacOS */,
				"CoreXLSX::CoreXLSXTests" /* CoreXLSXTests */,
				D15021D021A1CA7D00BFA4FC /* CoreXLSXtvOS */,
				D15021EE21A1D11900BFA4FC /* CoreXLSXiOS */,
				D150220421A1D8DC00BFA4FC /* CoreXLSXwatchOS */,
			);
		};
/* End PBXProject section */

/* Begin PBXResourcesBuildPhase section */
		D15021CF21A1CA7D00BFA4FC /* Resources */ = {
			isa = PBXResourcesBuildPhase;
			buildActionMask = 2147483647;
			files = (
			);
			runOnlyForDeploymentPostprocessing = 0;
		};
		D15021ED21A1D11900BFA4FC /* Resources */ = {
			isa = PBXResourcesBuildPhase;
			buildActionMask = 2147483647;
			files = (
			);
			runOnlyForDeploymentPostprocessing = 0;
		};
		D150220321A1D8DC00BFA4FC /* Resources */ = {
			isa = PBXResourcesBuildPhase;
			buildActionMask = 2147483647;
			files = (
			);
			runOnlyForDeploymentPostprocessing = 0;
		};
/* End PBXResourcesBuildPhase section */

/* Begin PBXShellScriptBuildPhase section */
		D1B4F8DE221C05CF00C53C42 /* ShellScript */ = {
			isa = PBXShellScriptBuildPhase;
			buildActionMask = 2147483647;
			files = (
			);
			inputFileListPaths = (
			);
			inputPaths = (
			);
			outputFileListPaths = (
			);
			outputPaths = (
			);
			runOnlyForDeploymentPostprocessing = 0;
			shellPath = /bin/sh;
			shellScript = "# Type a script or drag a script file from your workspace to insert its path.\nif which swiftlint >/dev/null; then\nswiftlint\nelse\necho \"warning: SwiftLint not installed, download from https://github.com/realm/SwiftLint\"\nfi\n";
		};
/* End PBXShellScriptBuildPhase section */

/* Begin PBXSourcesBuildPhase section */
		D15021CD21A1CA7D00BFA4FC /* Sources */ = {
			isa = PBXSourcesBuildPhase;
			buildActionMask = 2147483647;
			files = (
				D1BBD9C7223D0E2F00B28C7B /* Styles.swift in Sources */,
				D15021E121A1CB0500BFA4FC /* XLSXFile.swift in Sources */,
				D1FD863F21A1F09E00B7F8D6 /* SharedStrings.swift in Sources */,
				D15021DF21A1CB0500BFA4FC /* CellReference.swift in Sources */,
				D1A8191221A9D4F7004FCA33 /* CellQueries.swift in Sources */,
				D1A8190D21A9D139004FCA33 /* Cell.swift in Sources */,
				D1B4F8E1221C10AC00C53C42 /* Path.swift in Sources */,
				D15021E021A1CB0500BFA4FC /* ColumnReference.swift in Sources */,
				D15021E221A1CB0500BFA4FC /* Relationships.swift in Sources */,
				D15021E321A1CB0500BFA4FC /* Worksheet.swift in Sources */,
				D1EB9C6C21A98FFE002F2254 /* Workbook.swift in Sources */,
				D15C747322CB459C0041320B /* Comments.swift in Sources */,
			);
			runOnlyForDeploymentPostprocessing = 0;
		};
		D15021EB21A1D11900BFA4FC /* Sources */ = {
			isa = PBXSourcesBuildPhase;
			buildActionMask = 2147483647;
			files = (
				D1BBD9C8223D0E2F00B28C7B /* Styles.swift in Sources */,
				D15021FD21A1D1DB00BFA4FC /* XLSXFile.swift in Sources */,
				D1FD864021A1F09E00B7F8D6 /* SharedStrings.swift in Sources */,
				D15021FB21A1D1DB00BFA4FC /* CellReference.swift in Sources */,
				D1A8191321A9D4F8004FCA33 /* CellQueries.swift in Sources */,
				D1A8190E21A9D13B004FCA33 /* Cell.swift in Sources */,
				D1B4F8E2221C10AC00C53C42 /* Path.swift in Sources */,
				D15021FC21A1D1DB00BFA4FC /* ColumnReference.swift in Sources */,
				D15021FE21A1D1DB00BFA4FC /* Relationships.swift in Sources */,
				D15021FF21A1D1DB00BFA4FC /* Worksheet.swift in Sources */,
				D1EB9C6D21A98FFE002F2254 /* Workbook.swift in Sources */,
				D15C747422CB459C0041320B /* Comments.swift in Sources */,
			);
			runOnlyForDeploymentPostprocessing = 0;
		};
		D150220121A1D8DC00BFA4FC /* Sources */ = {
			isa = PBXSourcesBuildPhase;
			buildActionMask = 2147483647;
			files = (
				D1BBD9C9223D0E2F00B28C7B /* Styles.swift in Sources */,
				D150221321A1D97E00BFA4FC /* XLSXFile.swift in Sources */,
				D1FD864121A1F09E00B7F8D6 /* SharedStrings.swift in Sources */,
				D150221121A1D97E00BFA4FC /* CellReference.swift in Sources */,
				D1A8191421A9D4F8004FCA33 /* CellQueries.swift in Sources */,
				D1A8190F21A9D13B004FCA33 /* Cell.swift in Sources */,
				D1B4F8E3221C10AC00C53C42 /* Path.swift in Sources */,
				D150221221A1D97E00BFA4FC /* ColumnReference.swift in Sources */,
				D150221421A1D97E00BFA4FC /* Relationships.swift in Sources */,
				D150221521A1D97E00BFA4FC /* Worksheet.swift in Sources */,
				D1EB9C6E21A98FFE002F2254 /* Workbook.swift in Sources */,
				D15C747522CB459D0041320B /* Comments.swift in Sources */,
			);
			runOnlyForDeploymentPostprocessing = 0;
		};
		OBJ_61 /* Sources */ = {
			isa = PBXSourcesBuildPhase;
			buildActionMask = 0;
			files = (
				D1BBD9C6223D0E2F00B28C7B /* Styles.swift in Sources */,
				OBJ_62 /* CellReference.swift in Sources */,
				D1FD863E21A1F09E00B7F8D6 /* SharedStrings.swift in Sources */,
				OBJ_63 /* ColumnReference.swift in Sources */,
				D1A8191121A9D4ED004FCA33 /* CellQueries.swift in Sources */,
				D1A8190B21A9D0EF004FCA33 /* Cell.swift in Sources */,
				D1B4F8E0221C10AC00C53C42 /* Path.swift in Sources */,
				OBJ_64 /* XLSXFile.swift in Sources */,
				OBJ_65 /* Relationships.swift in Sources */,
				OBJ_66 /* Worksheet.swift in Sources */,
				D1C96B8021A806A500303975 /* Workbook.swift in Sources */,
				82AAB1C822A154A800C30F99 /* Comments.swift in Sources */,
			);
			runOnlyForDeploymentPostprocessing = 0;
		};
		OBJ_89 /* Sources */ = {
			isa = PBXSourcesBuildPhase;
			buildActionMask = 0;
			files = (
				D1C96B8321A80EC000303975 /* Workbook.swift in Sources */,
				D1B6A2C42297F0F3005B8A6E /* Border.swift in Sources */,
				D1769CCC225F456A00521A47 /* Namespaces.swift in Sources */,
				OBJ_90 /* CellReference.swift in Sources */,
				D1EB1B3421B151440043CD1E /* SharedStrings.swift in Sources */,
				D1BBD9D8223D3E0E00B28C7B /* Styles.swift in Sources */,
				D1EF5CB72493C62000B30B12 /* CellQueries.swift in Sources */,
				D1A8190921A9CB89004FCA33 /* Worksheet.swift in Sources */,
				OBJ_91 /* XLSXFile.swift in Sources */,
				OBJ_92 /* Relationships.swift in Sources */,
				D12211DC227B555600888BCB /* Formula.swift in Sources */,
				OBJ_93 /* XCTestManifests.swift in Sources */,
				82AAB1CB22A1A16400C30F99 /* Comments.swift in Sources */,
			);
			runOnlyForDeploymentPostprocessing = 0;
		};
/* End PBXSourcesBuildPhase section */

/* Begin PBXTargetDependency section */
		OBJ_98 /* PBXTargetDependency */ = {
			isa = PBXTargetDependency;
			target = "CoreXLSX::CoreXLSX" /* CoreXLSXmacOS */;
			targetProxy = D15021BE21A1C23700BFA4FC /* PBXContainerItemProxy */;
		};
/* End PBXTargetDependency section */

/* Begin XCBuildConfiguration section */
		D15021D721A1CA7D00BFA4FC /* Debug */ = {
			isa = XCBuildConfiguration;
			buildSettings = {
				ALWAYS_SEARCH_USER_PATHS = NO;
				CLANG_ANALYZER_NONNULL = YES;
				CLANG_ANALYZER_NUMBER_OBJECT_CONVERSION = YES_AGGRESSIVE;
				CLANG_CXX_LANGUAGE_STANDARD = "gnu++14";
				CLANG_CXX_LIBRARY = "libc++";
				CLANG_ENABLE_MODULES = YES;
				CLANG_ENABLE_OBJC_WEAK = YES;
				CLANG_WARN_BLOCK_CAPTURE_AUTORELEASING = YES;
				CLANG_WARN_BOOL_CONVERSION = YES;
				CLANG_WARN_COMMA = YES;
				CLANG_WARN_CONSTANT_CONVERSION = YES;
				CLANG_WARN_DEPRECATED_OBJC_IMPLEMENTATIONS = YES;
				CLANG_WARN_DIRECT_OBJC_ISA_USAGE = YES_ERROR;
				CLANG_WARN_DOCUMENTATION_COMMENTS = YES;
				CLANG_WARN_EMPTY_BODY = YES;
				CLANG_WARN_ENUM_CONVERSION = YES;
				CLANG_WARN_INFINITE_RECURSION = YES;
				CLANG_WARN_INT_CONVERSION = YES;
				CLANG_WARN_NON_LITERAL_NULL_CONVERSION = YES;
				CLANG_WARN_OBJC_IMPLICIT_RETAIN_SELF = YES;
				CLANG_WARN_OBJC_LITERAL_CONVERSION = YES;
				CLANG_WARN_OBJC_ROOT_CLASS = YES_ERROR;
				CLANG_WARN_RANGE_LOOP_ANALYSIS = YES;
				CLANG_WARN_STRICT_PROTOTYPES = YES;
				CLANG_WARN_SUSPICIOUS_MOVE = YES;
				CLANG_WARN_UNGUARDED_AVAILABILITY = YES_AGGRESSIVE;
				CLANG_WARN_UNREACHABLE_CODE = YES;
				CLANG_WARN__DUPLICATE_METHOD_MATCH = YES;
				CODE_SIGN_IDENTITY = "";
				CODE_SIGN_STYLE = Automatic;
				CURRENT_PROJECT_VERSION = 1;
				DEFINES_MODULE = YES;
				DYLIB_COMPATIBILITY_VERSION = 1;
				DYLIB_CURRENT_VERSION = 1;
				DYLIB_INSTALL_NAME_BASE = "@rpath";
				ENABLE_STRICT_OBJC_MSGSEND = YES;
				ENABLE_TESTABILITY = YES;
				FRAMEWORK_SEARCH_PATHS = (
					"$(inherited)",
					"$(PROJECT_DIR)/Carthage/Build/tvOS",
				);
				GCC_C_LANGUAGE_STANDARD = gnu11;
				GCC_DYNAMIC_NO_PIC = NO;
				GCC_NO_COMMON_BLOCKS = YES;
				GCC_WARN_64_TO_32_BIT_CONVERSION = YES;
				GCC_WARN_ABOUT_RETURN_TYPE = YES_ERROR;
				GCC_WARN_UNDECLARED_SELECTOR = YES;
				GCC_WARN_UNINITIALIZED_AUTOS = YES_AGGRESSIVE;
				GCC_WARN_UNUSED_FUNCTION = YES;
				GCC_WARN_UNUSED_VARIABLE = YES;
				INFOPLIST_FILE = CoreXLSX.xcodeproj/CoreXLSXtvOS_Info.plist;
				INSTALL_PATH = "$(LOCAL_LIBRARY_DIR)/Frameworks";
				LD_RUNPATH_SEARCH_PATHS = (
					"$(inherited)",
					"@executable_path/Frameworks",
					"@loader_path/Frameworks",
				);
				MTL_ENABLE_DEBUG_INFO = INCLUDE_SOURCE;
				MTL_FAST_MATH = YES;
				PRODUCT_BUNDLE_IDENTIFIER = com.CoreXLSX.CoreXLSXtvOS;
				PRODUCT_NAME = CoreXLSX;
				SDKROOT = appletvos;
				SKIP_INSTALL = YES;
				SUPPORTED_PLATFORMS = "appletvsimulator appletvos";
				SWIFT_ACTIVE_COMPILATION_CONDITIONS = DEBUG;
				SWIFT_VERSION = 4.2;
				TARGETED_DEVICE_FAMILY = 3;
				TVOS_DEPLOYMENT_TARGET = 9.0;
				VERSIONING_SYSTEM = "apple-generic";
				VERSION_INFO_PREFIX = "";
			};
			name = Debug;
		};
		D15021D821A1CA7D00BFA4FC /* Release */ = {
			isa = XCBuildConfiguration;
			buildSettings = {
				ALWAYS_SEARCH_USER_PATHS = NO;
				CLANG_ANALYZER_NONNULL = YES;
				CLANG_ANALYZER_NUMBER_OBJECT_CONVERSION = YES_AGGRESSIVE;
				CLANG_CXX_LANGUAGE_STANDARD = "gnu++14";
				CLANG_CXX_LIBRARY = "libc++";
				CLANG_ENABLE_MODULES = YES;
				CLANG_ENABLE_OBJC_WEAK = YES;
				CLANG_WARN_BLOCK_CAPTURE_AUTORELEASING = YES;
				CLANG_WARN_BOOL_CONVERSION = YES;
				CLANG_WARN_COMMA = YES;
				CLANG_WARN_CONSTANT_CONVERSION = YES;
				CLANG_WARN_DEPRECATED_OBJC_IMPLEMENTATIONS = YES;
				CLANG_WARN_DIRECT_OBJC_ISA_USAGE = YES_ERROR;
				CLANG_WARN_DOCUMENTATION_COMMENTS = YES;
				CLANG_WARN_EMPTY_BODY = YES;
				CLANG_WARN_ENUM_CONVERSION = YES;
				CLANG_WARN_INFINITE_RECURSION = YES;
				CLANG_WARN_INT_CONVERSION = YES;
				CLANG_WARN_NON_LITERAL_NULL_CONVERSION = YES;
				CLANG_WARN_OBJC_IMPLICIT_RETAIN_SELF = YES;
				CLANG_WARN_OBJC_LITERAL_CONVERSION = YES;
				CLANG_WARN_OBJC_ROOT_CLASS = YES_ERROR;
				CLANG_WARN_RANGE_LOOP_ANALYSIS = YES;
				CLANG_WARN_STRICT_PROTOTYPES = YES;
				CLANG_WARN_SUSPICIOUS_MOVE = YES;
				CLANG_WARN_UNGUARDED_AVAILABILITY = YES_AGGRESSIVE;
				CLANG_WARN_UNREACHABLE_CODE = YES;
				CLANG_WARN__DUPLICATE_METHOD_MATCH = YES;
				CODE_SIGN_IDENTITY = "";
				CODE_SIGN_STYLE = Automatic;
				COPY_PHASE_STRIP = NO;
				CURRENT_PROJECT_VERSION = 1;
				DEFINES_MODULE = YES;
				DYLIB_COMPATIBILITY_VERSION = 1;
				DYLIB_CURRENT_VERSION = 1;
				DYLIB_INSTALL_NAME_BASE = "@rpath";
				ENABLE_NS_ASSERTIONS = NO;
				ENABLE_STRICT_OBJC_MSGSEND = YES;
				FRAMEWORK_SEARCH_PATHS = (
					"$(inherited)",
					"$(PROJECT_DIR)/Carthage/Build/tvOS",
				);
				GCC_C_LANGUAGE_STANDARD = gnu11;
				GCC_NO_COMMON_BLOCKS = YES;
				GCC_WARN_64_TO_32_BIT_CONVERSION = YES;
				GCC_WARN_ABOUT_RETURN_TYPE = YES_ERROR;
				GCC_WARN_UNDECLARED_SELECTOR = YES;
				GCC_WARN_UNINITIALIZED_AUTOS = YES_AGGRESSIVE;
				GCC_WARN_UNUSED_FUNCTION = YES;
				GCC_WARN_UNUSED_VARIABLE = YES;
				INFOPLIST_FILE = CoreXLSX.xcodeproj/CoreXLSXtvOS_Info.plist;
				INSTALL_PATH = "$(LOCAL_LIBRARY_DIR)/Frameworks";
				LD_RUNPATH_SEARCH_PATHS = (
					"$(inherited)",
					"@executable_path/Frameworks",
					"@loader_path/Frameworks",
				);
				MTL_ENABLE_DEBUG_INFO = NO;
				MTL_FAST_MATH = YES;
				PRODUCT_BUNDLE_IDENTIFIER = com.CoreXLSX.CoreXLSXtvOS;
				PRODUCT_NAME = CoreXLSX;
				SDKROOT = appletvos;
				SKIP_INSTALL = YES;
				SUPPORTED_PLATFORMS = "appletvsimulator appletvos";
				SWIFT_VERSION = 4.2;
				TARGETED_DEVICE_FAMILY = 3;
				TVOS_DEPLOYMENT_TARGET = 9.0;
				VALIDATE_PRODUCT = YES;
				VERSIONING_SYSTEM = "apple-generic";
				VERSION_INFO_PREFIX = "";
			};
			name = Release;
		};
		D15021F421A1D11A00BFA4FC /* Debug */ = {
			isa = XCBuildConfiguration;
			buildSettings = {
				ALWAYS_SEARCH_USER_PATHS = NO;
				CLANG_ANALYZER_NONNULL = YES;
				CLANG_ANALYZER_NUMBER_OBJECT_CONVERSION = YES_AGGRESSIVE;
				CLANG_CXX_LANGUAGE_STANDARD = "gnu++14";
				CLANG_CXX_LIBRARY = "libc++";
				CLANG_ENABLE_MODULES = YES;
				CLANG_ENABLE_OBJC_WEAK = YES;
				CLANG_WARN_BLOCK_CAPTURE_AUTORELEASING = YES;
				CLANG_WARN_BOOL_CONVERSION = YES;
				CLANG_WARN_COMMA = YES;
				CLANG_WARN_CONSTANT_CONVERSION = YES;
				CLANG_WARN_DEPRECATED_OBJC_IMPLEMENTATIONS = YES;
				CLANG_WARN_DIRECT_OBJC_ISA_USAGE = YES_ERROR;
				CLANG_WARN_DOCUMENTATION_COMMENTS = YES;
				CLANG_WARN_EMPTY_BODY = YES;
				CLANG_WARN_ENUM_CONVERSION = YES;
				CLANG_WARN_INFINITE_RECURSION = YES;
				CLANG_WARN_INT_CONVERSION = YES;
				CLANG_WARN_NON_LITERAL_NULL_CONVERSION = YES;
				CLANG_WARN_OBJC_IMPLICIT_RETAIN_SELF = YES;
				CLANG_WARN_OBJC_LITERAL_CONVERSION = YES;
				CLANG_WARN_OBJC_ROOT_CLASS = YES_ERROR;
				CLANG_WARN_RANGE_LOOP_ANALYSIS = YES;
				CLANG_WARN_STRICT_PROTOTYPES = YES;
				CLANG_WARN_SUSPICIOUS_MOVE = YES;
				CLANG_WARN_UNGUARDED_AVAILABILITY = YES_AGGRESSIVE;
				CLANG_WARN_UNREACHABLE_CODE = YES;
				CLANG_WARN__DUPLICATE_METHOD_MATCH = YES;
				CODE_SIGN_IDENTITY = "iPhone Developer";
				CODE_SIGN_STYLE = Automatic;
				CURRENT_PROJECT_VERSION = 1;
				DEFINES_MODULE = YES;
				DYLIB_COMPATIBILITY_VERSION = 1;
				DYLIB_CURRENT_VERSION = 1;
				DYLIB_INSTALL_NAME_BASE = "@rpath";
				ENABLE_STRICT_OBJC_MSGSEND = YES;
				ENABLE_TESTABILITY = YES;
				FRAMEWORK_SEARCH_PATHS = (
					"$(inherited)",
					"$(PROJECT_DIR)/Carthage/Build/iOS",
				);
				GCC_C_LANGUAGE_STANDARD = gnu11;
				GCC_DYNAMIC_NO_PIC = NO;
				GCC_NO_COMMON_BLOCKS = YES;
				GCC_WARN_64_TO_32_BIT_CONVERSION = YES;
				GCC_WARN_ABOUT_RETURN_TYPE = YES_ERROR;
				GCC_WARN_UNDECLARED_SELECTOR = YES;
				GCC_WARN_UNINITIALIZED_AUTOS = YES_AGGRESSIVE;
				GCC_WARN_UNUSED_FUNCTION = YES;
				GCC_WARN_UNUSED_VARIABLE = YES;
				INFOPLIST_FILE = CoreXLSX.xcodeproj/CoreXLSXiOS_Info.plist;
				INSTALL_PATH = "$(LOCAL_LIBRARY_DIR)/Frameworks";
				IPHONEOS_DEPLOYMENT_TARGET = 9.0;
				LD_RUNPATH_SEARCH_PATHS = (
					"$(inherited)",
					"@executable_path/Frameworks",
					"@loader_path/Frameworks",
				);
				MTL_ENABLE_DEBUG_INFO = INCLUDE_SOURCE;
				MTL_FAST_MATH = YES;
				PRODUCT_BUNDLE_IDENTIFIER = com.CoreXLSX.CoreXLSXiOS;
				PRODUCT_NAME = CoreXLSX;
				SDKROOT = iphoneos;
				SKIP_INSTALL = YES;
				SUPPORTED_PLATFORMS = "iphonesimulator iphoneos";
				SWIFT_ACTIVE_COMPILATION_CONDITIONS = DEBUG;
				SWIFT_VERSION = 4.2;
				TARGETED_DEVICE_FAMILY = "1,2";
				VERSIONING_SYSTEM = "apple-generic";
				VERSION_INFO_PREFIX = "";
			};
			name = Debug;
		};
		D15021F521A1D11A00BFA4FC /* Release */ = {
			isa = XCBuildConfiguration;
			buildSettings = {
				ALWAYS_SEARCH_USER_PATHS = NO;
				CLANG_ANALYZER_NONNULL = YES;
				CLANG_ANALYZER_NUMBER_OBJECT_CONVERSION = YES_AGGRESSIVE;
				CLANG_CXX_LANGUAGE_STANDARD = "gnu++14";
				CLANG_CXX_LIBRARY = "libc++";
				CLANG_ENABLE_MODULES = YES;
				CLANG_ENABLE_OBJC_WEAK = YES;
				CLANG_WARN_BLOCK_CAPTURE_AUTORELEASING = YES;
				CLANG_WARN_BOOL_CONVERSION = YES;
				CLANG_WARN_COMMA = YES;
				CLANG_WARN_CONSTANT_CONVERSION = YES;
				CLANG_WARN_DEPRECATED_OBJC_IMPLEMENTATIONS = YES;
				CLANG_WARN_DIRECT_OBJC_ISA_USAGE = YES_ERROR;
				CLANG_WARN_DOCUMENTATION_COMMENTS = YES;
				CLANG_WARN_EMPTY_BODY = YES;
				CLANG_WARN_ENUM_CONVERSION = YES;
				CLANG_WARN_INFINITE_RECURSION = YES;
				CLANG_WARN_INT_CONVERSION = YES;
				CLANG_WARN_NON_LITERAL_NULL_CONVERSION = YES;
				CLANG_WARN_OBJC_IMPLICIT_RETAIN_SELF = YES;
				CLANG_WARN_OBJC_LITERAL_CONVERSION = YES;
				CLANG_WARN_OBJC_ROOT_CLASS = YES_ERROR;
				CLANG_WARN_RANGE_LOOP_ANALYSIS = YES;
				CLANG_WARN_STRICT_PROTOTYPES = YES;
				CLANG_WARN_SUSPICIOUS_MOVE = YES;
				CLANG_WARN_UNGUARDED_AVAILABILITY = YES_AGGRESSIVE;
				CLANG_WARN_UNREACHABLE_CODE = YES;
				CLANG_WARN__DUPLICATE_METHOD_MATCH = YES;
				CODE_SIGN_IDENTITY = "iPhone Developer";
				CODE_SIGN_STYLE = Automatic;
				COPY_PHASE_STRIP = NO;
				CURRENT_PROJECT_VERSION = 1;
				DEFINES_MODULE = YES;
				DYLIB_COMPATIBILITY_VERSION = 1;
				DYLIB_CURRENT_VERSION = 1;
				DYLIB_INSTALL_NAME_BASE = "@rpath";
				ENABLE_NS_ASSERTIONS = NO;
				ENABLE_STRICT_OBJC_MSGSEND = YES;
				FRAMEWORK_SEARCH_PATHS = (
					"$(inherited)",
					"$(PROJECT_DIR)/Carthage/Build/iOS",
				);
				GCC_C_LANGUAGE_STANDARD = gnu11;
				GCC_NO_COMMON_BLOCKS = YES;
				GCC_WARN_64_TO_32_BIT_CONVERSION = YES;
				GCC_WARN_ABOUT_RETURN_TYPE = YES_ERROR;
				GCC_WARN_UNDECLARED_SELECTOR = YES;
				GCC_WARN_UNINITIALIZED_AUTOS = YES_AGGRESSIVE;
				GCC_WARN_UNUSED_FUNCTION = YES;
				GCC_WARN_UNUSED_VARIABLE = YES;
				INFOPLIST_FILE = CoreXLSX.xcodeproj/CoreXLSXiOS_Info.plist;
				INSTALL_PATH = "$(LOCAL_LIBRARY_DIR)/Frameworks";
				IPHONEOS_DEPLOYMENT_TARGET = 9.0;
				LD_RUNPATH_SEARCH_PATHS = (
					"$(inherited)",
					"@executable_path/Frameworks",
					"@loader_path/Frameworks",
				);
				MTL_ENABLE_DEBUG_INFO = NO;
				MTL_FAST_MATH = YES;
				PRODUCT_BUNDLE_IDENTIFIER = com.CoreXLSX.CoreXLSXiOS;
				PRODUCT_NAME = CoreXLSX;
				SDKROOT = iphoneos;
				SKIP_INSTALL = YES;
				SUPPORTED_PLATFORMS = "iphonesimulator iphoneos";
				SWIFT_VERSION = 4.2;
				TARGETED_DEVICE_FAMILY = "1,2";
				VALIDATE_PRODUCT = YES;
				VERSIONING_SYSTEM = "apple-generic";
				VERSION_INFO_PREFIX = "";
			};
			name = Release;
		};
		D150220B21A1D8DC00BFA4FC /* Debug */ = {
			isa = XCBuildConfiguration;
			buildSettings = {
				ALWAYS_SEARCH_USER_PATHS = NO;
				APPLICATION_EXTENSION_API_ONLY = YES;
				CLANG_ANALYZER_NONNULL = YES;
				CLANG_ANALYZER_NUMBER_OBJECT_CONVERSION = YES_AGGRESSIVE;
				CLANG_CXX_LANGUAGE_STANDARD = "gnu++14";
				CLANG_CXX_LIBRARY = "libc++";
				CLANG_ENABLE_MODULES = YES;
				CLANG_ENABLE_OBJC_WEAK = YES;
				CLANG_WARN_BLOCK_CAPTURE_AUTORELEASING = YES;
				CLANG_WARN_BOOL_CONVERSION = YES;
				CLANG_WARN_COMMA = YES;
				CLANG_WARN_CONSTANT_CONVERSION = YES;
				CLANG_WARN_DEPRECATED_OBJC_IMPLEMENTATIONS = YES;
				CLANG_WARN_DIRECT_OBJC_ISA_USAGE = YES_ERROR;
				CLANG_WARN_DOCUMENTATION_COMMENTS = YES;
				CLANG_WARN_EMPTY_BODY = YES;
				CLANG_WARN_ENUM_CONVERSION = YES;
				CLANG_WARN_INFINITE_RECURSION = YES;
				CLANG_WARN_INT_CONVERSION = YES;
				CLANG_WARN_NON_LITERAL_NULL_CONVERSION = YES;
				CLANG_WARN_OBJC_IMPLICIT_RETAIN_SELF = YES;
				CLANG_WARN_OBJC_LITERAL_CONVERSION = YES;
				CLANG_WARN_OBJC_ROOT_CLASS = YES_ERROR;
				CLANG_WARN_RANGE_LOOP_ANALYSIS = YES;
				CLANG_WARN_STRICT_PROTOTYPES = YES;
				CLANG_WARN_SUSPICIOUS_MOVE = YES;
				CLANG_WARN_UNGUARDED_AVAILABILITY = YES_AGGRESSIVE;
				CLANG_WARN_UNREACHABLE_CODE = YES;
				CLANG_WARN__DUPLICATE_METHOD_MATCH = YES;
				CODE_SIGN_IDENTITY = "";
				CODE_SIGN_STYLE = Automatic;
				CURRENT_PROJECT_VERSION = 1;
				DEFINES_MODULE = YES;
				DYLIB_COMPATIBILITY_VERSION = 1;
				DYLIB_CURRENT_VERSION = 1;
				DYLIB_INSTALL_NAME_BASE = "@rpath";
				ENABLE_STRICT_OBJC_MSGSEND = YES;
				ENABLE_TESTABILITY = YES;
				FRAMEWORK_SEARCH_PATHS = (
					"$(inherited)",
					"$(PROJECT_DIR)/Carthage/Build/watchOS",
				);
				GCC_C_LANGUAGE_STANDARD = gnu11;
				GCC_DYNAMIC_NO_PIC = NO;
				GCC_NO_COMMON_BLOCKS = YES;
				GCC_WARN_64_TO_32_BIT_CONVERSION = YES;
				GCC_WARN_ABOUT_RETURN_TYPE = YES_ERROR;
				GCC_WARN_UNDECLARED_SELECTOR = YES;
				GCC_WARN_UNINITIALIZED_AUTOS = YES_AGGRESSIVE;
				GCC_WARN_UNUSED_FUNCTION = YES;
				GCC_WARN_UNUSED_VARIABLE = YES;
				INFOPLIST_FILE = CoreXLSX.xcodeproj/CoreXLSXwatchOS_Info.plist;
				INSTALL_PATH = "$(LOCAL_LIBRARY_DIR)/Frameworks";
				LD_RUNPATH_SEARCH_PATHS = (
					"$(inherited)",
					"@executable_path/Frameworks",
					"@loader_path/Frameworks",
				);
				MTL_ENABLE_DEBUG_INFO = INCLUDE_SOURCE;
				MTL_FAST_MATH = YES;
				PRODUCT_BUNDLE_IDENTIFIER = com.CoreXLSX.CoreXLSXwatchOS;
				PRODUCT_NAME = CoreXLSX;
				SDKROOT = watchos;
				SKIP_INSTALL = YES;
				SUPPORTED_PLATFORMS = "watchsimulator watchos";
				SWIFT_ACTIVE_COMPILATION_CONDITIONS = DEBUG;
				SWIFT_VERSION = 4.2;
				TARGETED_DEVICE_FAMILY = 4;
				VERSIONING_SYSTEM = "apple-generic";
				VERSION_INFO_PREFIX = "";
				WATCHOS_DEPLOYMENT_TARGET = 2.0;
			};
			name = Debug;
		};
		D150220C21A1D8DC00BFA4FC /* Release */ = {
			isa = XCBuildConfiguration;
			buildSettings = {
				ALWAYS_SEARCH_USER_PATHS = NO;
				APPLICATION_EXTENSION_API_ONLY = YES;
				CLANG_ANALYZER_NONNULL = YES;
				CLANG_ANALYZER_NUMBER_OBJECT_CONVERSION = YES_AGGRESSIVE;
				CLANG_CXX_LANGUAGE_STANDARD = "gnu++14";
				CLANG_CXX_LIBRARY = "libc++";
				CLANG_ENABLE_MODULES = YES;
				CLANG_ENABLE_OBJC_WEAK = YES;
				CLANG_WARN_BLOCK_CAPTURE_AUTORELEASING = YES;
				CLANG_WARN_BOOL_CONVERSION = YES;
				CLANG_WARN_COMMA = YES;
				CLANG_WARN_CONSTANT_CONVERSION = YES;
				CLANG_WARN_DEPRECATED_OBJC_IMPLEMENTATIONS = YES;
				CLANG_WARN_DIRECT_OBJC_ISA_USAGE = YES_ERROR;
				CLANG_WARN_DOCUMENTATION_COMMENTS = YES;
				CLANG_WARN_EMPTY_BODY = YES;
				CLANG_WARN_ENUM_CONVERSION = YES;
				CLANG_WARN_INFINITE_RECURSION = YES;
				CLANG_WARN_INT_CONVERSION = YES;
				CLANG_WARN_NON_LITERAL_NULL_CONVERSION = YES;
				CLANG_WARN_OBJC_IMPLICIT_RETAIN_SELF = YES;
				CLANG_WARN_OBJC_LITERAL_CONVERSION = YES;
				CLANG_WARN_OBJC_ROOT_CLASS = YES_ERROR;
				CLANG_WARN_RANGE_LOOP_ANALYSIS = YES;
				CLANG_WARN_STRICT_PROTOTYPES = YES;
				CLANG_WARN_SUSPICIOUS_MOVE = YES;
				CLANG_WARN_UNGUARDED_AVAILABILITY = YES_AGGRESSIVE;
				CLANG_WARN_UNREACHABLE_CODE = YES;
				CLANG_WARN__DUPLICATE_METHOD_MATCH = YES;
				CODE_SIGN_IDENTITY = "";
				CODE_SIGN_STYLE = Automatic;
				COPY_PHASE_STRIP = NO;
				CURRENT_PROJECT_VERSION = 1;
				DEFINES_MODULE = YES;
				DYLIB_COMPATIBILITY_VERSION = 1;
				DYLIB_CURRENT_VERSION = 1;
				DYLIB_INSTALL_NAME_BASE = "@rpath";
				ENABLE_NS_ASSERTIONS = NO;
				ENABLE_STRICT_OBJC_MSGSEND = YES;
				FRAMEWORK_SEARCH_PATHS = (
					"$(inherited)",
					"$(PROJECT_DIR)/Carthage/Build/watchOS",
				);
				GCC_C_LANGUAGE_STANDARD = gnu11;
				GCC_NO_COMMON_BLOCKS = YES;
				GCC_WARN_64_TO_32_BIT_CONVERSION = YES;
				GCC_WARN_ABOUT_RETURN_TYPE = YES_ERROR;
				GCC_WARN_UNDECLARED_SELECTOR = YES;
				GCC_WARN_UNINITIALIZED_AUTOS = YES_AGGRESSIVE;
				GCC_WARN_UNUSED_FUNCTION = YES;
				GCC_WARN_UNUSED_VARIABLE = YES;
				INFOPLIST_FILE = CoreXLSX.xcodeproj/CoreXLSXwatchOS_Info.plist;
				INSTALL_PATH = "$(LOCAL_LIBRARY_DIR)/Frameworks";
				LD_RUNPATH_SEARCH_PATHS = (
					"$(inherited)",
					"@executable_path/Frameworks",
					"@loader_path/Frameworks",
				);
				MTL_ENABLE_DEBUG_INFO = NO;
				MTL_FAST_MATH = YES;
				PRODUCT_BUNDLE_IDENTIFIER = com.CoreXLSX.CoreXLSXwatchOS;
				PRODUCT_NAME = CoreXLSX;
				SDKROOT = watchos;
				SKIP_INSTALL = YES;
				SUPPORTED_PLATFORMS = "watchsimulator watchos";
				SWIFT_VERSION = 4.2;
				TARGETED_DEVICE_FAMILY = 4;
				VALIDATE_PRODUCT = YES;
				VERSIONING_SYSTEM = "apple-generic";
				VERSION_INFO_PREFIX = "";
				WATCHOS_DEPLOYMENT_TARGET = 2.0;
			};
			name = Release;
		};
		OBJ_3 /* Debug */ = {
			isa = XCBuildConfiguration;
			buildSettings = {
				CLANG_ENABLE_OBJC_ARC = YES;
				COMBINE_HIDPI_IMAGES = YES;
				COPY_PHASE_STRIP = NO;
				CURRENT_PROJECT_VERSION = 0.13.0;
				DEBUG_INFORMATION_FORMAT = dwarf;
				DYLIB_INSTALL_NAME_BASE = "@rpath";
				ENABLE_NS_ASSERTIONS = YES;
				GCC_OPTIMIZATION_LEVEL = 0;
				GCC_PREPROCESSOR_DEFINITIONS = (
					"DEBUG=1",
					"$(inherited)",
				);
				MACOSX_DEPLOYMENT_TARGET = 10.10;
				ONLY_ACTIVE_ARCH = YES;
				OTHER_SWIFT_FLAGS = "-DXcode";
				PRODUCT_NAME = "$(TARGET_NAME)";
				SDKROOT = macosx;
				SUPPORTED_PLATFORMS = "macosx iphoneos iphonesimulator appletvos appletvsimulator watchos watchsimulator";
				SWIFT_ACTIVE_COMPILATION_CONDITIONS = "SWIFT_PACKAGE DEBUG";
				SWIFT_OPTIMIZATION_LEVEL = "-Onone";
				USE_HEADERMAP = NO;
			};
			name = Debug;
		};
		OBJ_4 /* Release */ = {
			isa = XCBuildConfiguration;
			buildSettings = {
				CLANG_ENABLE_OBJC_ARC = YES;
				COMBINE_HIDPI_IMAGES = YES;
				COPY_PHASE_STRIP = YES;
				CURRENT_PROJECT_VERSION = 0.13.0;
				DEBUG_INFORMATION_FORMAT = "dwarf-with-dsym";
				DYLIB_INSTALL_NAME_BASE = "@rpath";
				GCC_OPTIMIZATION_LEVEL = s;
				MACOSX_DEPLOYMENT_TARGET = 10.10;
				OTHER_SWIFT_FLAGS = "-DXcode";
				PRODUCT_NAME = "$(TARGET_NAME)";
				SDKROOT = macosx;
				SUPPORTED_PLATFORMS = "macosx iphoneos iphonesimulator appletvos appletvsimulator watchos watchsimulator";
				SWIFT_ACTIVE_COMPILATION_CONDITIONS = SWIFT_PACKAGE;
				SWIFT_COMPILATION_MODE = wholemodule;
				SWIFT_OPTIMIZATION_LEVEL = "-O";
				USE_HEADERMAP = NO;
			};
			name = Release;
		};
		OBJ_59 /* Debug */ = {
			isa = XCBuildConfiguration;
			baseConfigurationReference = OBJ_8 /* Package.xcconfig */;
			buildSettings = {
				ENABLE_TESTABILITY = YES;
				FRAMEWORK_SEARCH_PATHS = (
					"$(inherited)",
					"$(PLATFORM_DIR)/Developer/Library/Frameworks",
					"$(PROJECT_DIR)/Carthage/Build/Mac",
				);
				HEADER_SEARCH_PATHS = "$(inherited)";
				INFOPLIST_FILE = CoreXLSX.xcodeproj/CoreXLSX_Info.plist;
				LD_RUNPATH_SEARCH_PATHS = (
					"$(inherited)",
					"$(TOOLCHAIN_DIR)/usr/lib/swift/macosx",
				);
				OTHER_CFLAGS = "$(inherited)";
				OTHER_LDFLAGS = "$(inherited)";
				OTHER_SWIFT_FLAGS = "$(inherited)";
				PRODUCT_BUNDLE_IDENTIFIER = com.CoreXLSX.CoreXLSXmacOS;
				PRODUCT_NAME = "$(TARGET_NAME:c99extidentifier)";
				SKIP_INSTALL = YES;
				SUPPORTED_PLATFORMS = macosx;
				SWIFT_ACTIVE_COMPILATION_CONDITIONS = "$(inherited)";
				SWIFT_VERSION = 4.2;
				TARGET_NAME = CoreXLSX;
			};
			name = Debug;
		};
		OBJ_60 /* Release */ = {
			isa = XCBuildConfiguration;
			baseConfigurationReference = OBJ_8 /* Package.xcconfig */;
			buildSettings = {
				ENABLE_TESTABILITY = YES;
				FRAMEWORK_SEARCH_PATHS = (
					"$(inherited)",
					"$(PLATFORM_DIR)/Developer/Library/Frameworks",
					"$(PROJECT_DIR)/Carthage/Build/Mac",
				);
				HEADER_SEARCH_PATHS = "$(inherited)";
				INFOPLIST_FILE = CoreXLSX.xcodeproj/CoreXLSX_Info.plist;
				LD_RUNPATH_SEARCH_PATHS = (
					"$(inherited)",
					"$(TOOLCHAIN_DIR)/usr/lib/swift/macosx",
				);
				OTHER_CFLAGS = "$(inherited)";
				OTHER_LDFLAGS = "$(inherited)";
				OTHER_SWIFT_FLAGS = "$(inherited)";
				PRODUCT_BUNDLE_IDENTIFIER = com.CoreXLSX.CoreXLSXmacOS;
				PRODUCT_NAME = "$(TARGET_NAME:c99extidentifier)";
				SKIP_INSTALL = YES;
				SUPPORTED_PLATFORMS = macosx;
				SWIFT_ACTIVE_COMPILATION_CONDITIONS = "$(inherited)";
				SWIFT_VERSION = 4.2;
				TARGET_NAME = CoreXLSX;
			};
			name = Release;
		};
		OBJ_87 /* Debug */ = {
			isa = XCBuildConfiguration;
			baseConfigurationReference = OBJ_8 /* Package.xcconfig */;
			buildSettings = {
				CLANG_ENABLE_MODULES = YES;
				EMBEDDED_CONTENT_CONTAINS_SWIFT = YES;
				FRAMEWORK_SEARCH_PATHS = (
					"$(inherited)",
					"$(PLATFORM_DIR)/Developer/Library/Frameworks",
					"$(PROJECT_DIR)/Carthage/Build/Mac",
				);
				HEADER_SEARCH_PATHS = "$(inherited)";
				INFOPLIST_FILE = CoreXLSX.xcodeproj/CoreXLSXTests_Info.plist;
				LD_RUNPATH_SEARCH_PATHS = (
					"$(inherited)",
					"@loader_path/../Frameworks",
					"@loader_path/Frameworks",
				);
				OTHER_CFLAGS = "$(inherited)";
				OTHER_LDFLAGS = "$(inherited)";
				OTHER_SWIFT_FLAGS = "$(inherited)";
				SWIFT_ACTIVE_COMPILATION_CONDITIONS = "$(inherited)";
				SWIFT_VERSION = 4.2;
				TARGET_NAME = CoreXLSXTests;
			};
			name = Debug;
		};
		OBJ_88 /* Release */ = {
			isa = XCBuildConfiguration;
			baseConfigurationReference = OBJ_8 /* Package.xcconfig */;
			buildSettings = {
				CLANG_ENABLE_MODULES = YES;
				EMBEDDED_CONTENT_CONTAINS_SWIFT = YES;
				FRAMEWORK_SEARCH_PATHS = (
					"$(inherited)",
					"$(PLATFORM_DIR)/Developer/Library/Frameworks",
					"$(PROJECT_DIR)/Carthage/Build/Mac",
				);
				HEADER_SEARCH_PATHS = "$(inherited)";
				INFOPLIST_FILE = CoreXLSX.xcodeproj/CoreXLSXTests_Info.plist;
				LD_RUNPATH_SEARCH_PATHS = (
					"$(inherited)",
					"@loader_path/../Frameworks",
					"@loader_path/Frameworks",
				);
				OTHER_CFLAGS = "$(inherited)";
				OTHER_LDFLAGS = "$(inherited)";
				OTHER_SWIFT_FLAGS = "$(inherited)";
				SWIFT_ACTIVE_COMPILATION_CONDITIONS = "$(inherited)";
				SWIFT_VERSION = 4.2;
				TARGET_NAME = CoreXLSXTests;
			};
			name = Release;
		};
/* End XCBuildConfiguration section */

/* Begin XCConfigurationList section */
		D15021D621A1CA7D00BFA4FC /* Build configuration list for PBXNativeTarget "CoreXLSXtvOS" */ = {
			isa = XCConfigurationList;
			buildConfigurations = (
				D15021D721A1CA7D00BFA4FC /* Debug */,
				D15021D821A1CA7D00BFA4FC /* Release */,
			);
			defaultConfigurationIsVisible = 0;
			defaultConfigurationName = Release;
		};
		D15021F621A1D11A00BFA4FC /* Build configuration list for PBXNativeTarget "CoreXLSXiOS" */ = {
			isa = XCConfigurationList;
			buildConfigurations = (
				D15021F421A1D11A00BFA4FC /* Debug */,
				D15021F521A1D11A00BFA4FC /* Release */,
			);
			defaultConfigurationIsVisible = 0;
			defaultConfigurationName = Release;
		};
		D150220A21A1D8DC00BFA4FC /* Build configuration list for PBXNativeTarget "CoreXLSXwatchOS" */ = {
			isa = XCConfigurationList;
			buildConfigurations = (
				D150220B21A1D8DC00BFA4FC /* Debug */,
				D150220C21A1D8DC00BFA4FC /* Release */,
			);
			defaultConfigurationIsVisible = 0;
			defaultConfigurationName = Release;
		};
		OBJ_2 /* Build configuration list for PBXProject "CoreXLSX" */ = {
			isa = XCConfigurationList;
			buildConfigurations = (
				OBJ_3 /* Debug */,
				OBJ_4 /* Release */,
			);
			defaultConfigurationIsVisible = 0;
			defaultConfigurationName = Release;
		};
		OBJ_58 /* Build configuration list for PBXNativeTarget "CoreXLSXmacOS" */ = {
			isa = XCConfigurationList;
			buildConfigurations = (
				OBJ_59 /* Debug */,
				OBJ_60 /* Release */,
			);
			defaultConfigurationIsVisible = 0;
			defaultConfigurationName = Release;
		};
		OBJ_86 /* Build configuration list for PBXNativeTarget "CoreXLSXTests" */ = {
			isa = XCConfigurationList;
			buildConfigurations = (
				OBJ_87 /* Debug */,
				OBJ_88 /* Release */,
			);
			defaultConfigurationIsVisible = 0;
			defaultConfigurationName = Release;
		};
/* End XCConfigurationList section */
	};
	rootObject = OBJ_1 /* Project object */;
}
