// !$*UTF8*$!
{
   archiveVersion = "1";
   objectVersion = "46";
   objects = {
      "CoreXLSX::CoreXLSX" = {
         isa = "PBXNativeTarget";
         buildConfigurationList = "OBJ_98";
         buildPhases = (
            "OBJ_101",
            "OBJ_113"
         );
         dependencies = (
            "OBJ_116",
            "OBJ_118"
         );
         name = "CoreXLSX";
         productName = "CoreXLSX";
         productReference = "CoreXLSX::CoreXLSX::Product";
         productType = "com.apple.product-type.framework";
      };
      "CoreXLSX::CoreXLSX::Product" = {
         isa = "PBXFileReference";
         path = "CoreXLSX.framework";
         sourceTree = "BUILT_PRODUCTS_DIR";
      };
      "CoreXLSX::CoreXLSXPackageTests::ProductTarget" = {
         isa = "PBXAggregateTarget";
         buildConfigurationList = "OBJ_127";
         buildPhases = (
         );
         dependencies = (
            "OBJ_130"
         );
         name = "CoreXLSXPackageTests";
         productName = "CoreXLSXPackageTests";
      };
      "CoreXLSX::CoreXLSXTests" = {
         isa = "PBXNativeTarget";
         buildConfigurationList = "OBJ_132";
         buildPhases = (
            "OBJ_135",
            "OBJ_144"
         );
         dependencies = (
            "OBJ_148",
            "OBJ_149",
            "OBJ_150"
         );
         name = "CoreXLSXTests";
         productName = "CoreXLSXTests";
         productReference = "CoreXLSX::CoreXLSXTests::Product";
         productType = "com.apple.product-type.bundle.unit-test";
      };
      "CoreXLSX::CoreXLSXTests::Product" = {
         isa = "PBXFileReference";
         path = "CoreXLSXTests.xctest";
         sourceTree = "BUILT_PRODUCTS_DIR";
      };
      "CoreXLSX::SwiftPMPackageDescription" = {
         isa = "PBXNativeTarget";
         buildConfigurationList = "OBJ_121";
         buildPhases = (
            "OBJ_124"
         );
         dependencies = (
         );
         name = "CoreXLSXPackageDescription";
         productName = "CoreXLSXPackageDescription";
         productType = "com.apple.product-type.framework";
      };
      "OBJ_1" = {
         isa = "PBXProject";
         attributes = {
            LastUpgradeCheck = "9999";
         };
         buildConfigurationList = "OBJ_2";
         compatibilityVersion = "Xcode 3.2";
         developmentRegion = "English";
         hasScannedForEncodings = "0";
         knownRegions = (
            "en"
         );
         mainGroup = "OBJ_5";
         productRefGroup = "OBJ_92";
         projectDirPath = ".";
         targets = (
            "CoreXLSX::CoreXLSX",
            "CoreXLSX::SwiftPMPackageDescription",
            "CoreXLSX::CoreXLSXPackageTests::ProductTarget",
            "CoreXLSX::CoreXLSXTests",
            "XMLCoder::XMLCoder",
            "XMLCoder::SwiftPMPackageDescription",
            "ZIPFoundation::ZIPFoundation",
            "ZIPFoundation::SwiftPMPackageDescription"
         );
      };
      "OBJ_10" = {
         isa = "PBXGroup";
         children = (
            "OBJ_11",
            "OBJ_12",
            "OBJ_13",
            "OBJ_14",
            "OBJ_15",
            "OBJ_16",
            "OBJ_17"
         );
         name = "CoreXLSX";
         path = "Sources/CoreXLSX";
         sourceTree = "SOURCE_ROOT";
      };
      "OBJ_100" = {
         isa = "XCBuildConfiguration";
         baseConfigurationReference = "OBJ_8";
         buildSettings = {
            ENABLE_TESTABILITY = "YES";
            FRAMEWORK_SEARCH_PATHS = (
               "$(inherited)",
               "$(PLATFORM_DIR)/Developer/Library/Frameworks"
            );
            HEADER_SEARCH_PATHS = (
               "$(inherited)"
            );
            INFOPLIST_FILE = "CoreXLSX.xcodeproj/CoreXLSX_Info.plist";
            LD_RUNPATH_SEARCH_PATHS = (
               "$(inherited)",
               "$(TOOLCHAIN_DIR)/usr/lib/swift/macosx"
            );
            OTHER_CFLAGS = (
               "$(inherited)"
            );
            OTHER_LDFLAGS = (
               "$(inherited)"
            );
            OTHER_SWIFT_FLAGS = (
               "$(inherited)"
            );
            PRODUCT_BUNDLE_IDENTIFIER = "CoreXLSX";
            PRODUCT_MODULE_NAME = "$(TARGET_NAME:c99extidentifier)";
            PRODUCT_NAME = "$(TARGET_NAME:c99extidentifier)";
            SKIP_INSTALL = "YES";
            SWIFT_ACTIVE_COMPILATION_CONDITIONS = (
               "$(inherited)"
            );
            SWIFT_VERSION = "4.2";
            TARGET_NAME = "CoreXLSX";
         };
         name = "Release";
      };
      "OBJ_101" = {
         isa = "PBXSourcesBuildPhase";
         files = (
            "OBJ_102",
            "OBJ_103",
            "OBJ_104",
            "OBJ_105",
            "OBJ_106",
            "OBJ_107",
            "OBJ_108",
            "OBJ_109",
            "OBJ_110",
            "OBJ_111",
            "OBJ_112"
         );
      };
      "OBJ_102" = {
         isa = "PBXBuildFile";
         fileRef = "OBJ_11";
      };
      "OBJ_103" = {
         isa = "PBXBuildFile";
         fileRef = "OBJ_12";
      };
      "OBJ_104" = {
         isa = "PBXBuildFile";
         fileRef = "OBJ_13";
      };
      "OBJ_105" = {
         isa = "PBXBuildFile";
         fileRef = "OBJ_14";
      };
      "OBJ_106" = {
         isa = "PBXBuildFile";
         fileRef = "OBJ_15";
      };
      "OBJ_107" = {
         isa = "PBXBuildFile";
         fileRef = "OBJ_16";
      };
      "OBJ_108" = {
         isa = "PBXBuildFile";
         fileRef = "OBJ_18";
      };
      "OBJ_109" = {
         isa = "PBXBuildFile";
         fileRef = "OBJ_19";
      };
      "OBJ_11" = {
         isa = "PBXFileReference";
         path = "CoreXLSX.swift";
         sourceTree = "<group>";
      };
      "OBJ_110" = {
         isa = "PBXBuildFile";
         fileRef = "OBJ_20";
      };
      "OBJ_111" = {
         isa = "PBXBuildFile";
         fileRef = "OBJ_21";
      };
      "OBJ_112" = {
         isa = "PBXBuildFile";
         fileRef = "OBJ_22";
      };
      "OBJ_113" = {
         isa = "PBXFrameworksBuildPhase";
         files = (
            "OBJ_114",
            "OBJ_115"
         );
      };
      "OBJ_114" = {
         isa = "PBXBuildFile";
         fileRef = "ZIPFoundation::ZIPFoundation::Product";
      };
      "OBJ_115" = {
         isa = "PBXBuildFile";
         fileRef = "XMLCoder::XMLCoder::Product";
      };
      "OBJ_116" = {
         isa = "PBXTargetDependency";
         target = "ZIPFoundation::ZIPFoundation";
      };
      "OBJ_118" = {
         isa = "PBXTargetDependency";
         target = "XMLCoder::XMLCoder";
      };
      "OBJ_12" = {
         isa = "PBXFileReference";
         path = "Path.swift";
         sourceTree = "<group>";
      };
      "OBJ_121" = {
         isa = "XCConfigurationList";
         buildConfigurations = (
            "OBJ_122",
            "OBJ_123"
         );
         defaultConfigurationIsVisible = "0";
         defaultConfigurationName = "Release";
      };
      "OBJ_122" = {
         isa = "XCBuildConfiguration";
         buildSettings = {
            LD = "/usr/bin/true";
            OTHER_SWIFT_FLAGS = (
               "-swift-version",
               "4.2",
               "-I",
               "$(TOOLCHAIN_DIR)/usr/lib/swift/pm/4_2",
               "-target",
               "x86_64-apple-macosx10.10",
               "-sdk",
               "/Applications/Xcode10.1.app/Contents/Developer/Platforms/MacOSX.platform/Developer/SDKs/MacOSX10.14.sdk"
            );
            SWIFT_VERSION = "4.2";
         };
         name = "Debug";
      };
      "OBJ_123" = {
         isa = "XCBuildConfiguration";
         buildSettings = {
            LD = "/usr/bin/true";
            OTHER_SWIFT_FLAGS = (
               "-swift-version",
               "4.2",
               "-I",
               "$(TOOLCHAIN_DIR)/usr/lib/swift/pm/4_2",
               "-target",
               "x86_64-apple-macosx10.10",
               "-sdk",
               "/Applications/Xcode10.1.app/Contents/Developer/Platforms/MacOSX.platform/Developer/SDKs/MacOSX10.14.sdk"
            );
            SWIFT_VERSION = "4.2";
         };
         name = "Release";
      };
      "OBJ_124" = {
         isa = "PBXSourcesBuildPhase";
         files = (
            "OBJ_125"
         );
      };
      "OBJ_125" = {
         isa = "PBXBuildFile";
         fileRef = "OBJ_6";
      };
      "OBJ_127" = {
         isa = "XCConfigurationList";
         buildConfigurations = (
            "OBJ_128",
            "OBJ_129"
         );
         defaultConfigurationIsVisible = "0";
         defaultConfigurationName = "Release";
      };
      "OBJ_128" = {
         isa = "XCBuildConfiguration";
         buildSettings = {
         };
         name = "Debug";
      };
      "OBJ_129" = {
         isa = "XCBuildConfiguration";
         buildSettings = {
         };
         name = "Release";
      };
      "OBJ_13" = {
         isa = "PBXFileReference";
         path = "Relationships.swift";
         sourceTree = "<group>";
      };
      "OBJ_130" = {
         isa = "PBXTargetDependency";
         target = "CoreXLSX::CoreXLSXTests";
      };
      "OBJ_132" = {
         isa = "XCConfigurationList";
         buildConfigurations = (
            "OBJ_133",
            "OBJ_134"
         );
         defaultConfigurationIsVisible = "0";
         defaultConfigurationName = "Release";
      };
      "OBJ_133" = {
         isa = "XCBuildConfiguration";
         baseConfigurationReference = "OBJ_8";
         buildSettings = {
            CLANG_ENABLE_MODULES = "YES";
            EMBEDDED_CONTENT_CONTAINS_SWIFT = "YES";
            FRAMEWORK_SEARCH_PATHS = (
               "$(inherited)",
               "$(PLATFORM_DIR)/Developer/Library/Frameworks"
            );
            HEADER_SEARCH_PATHS = (
               "$(inherited)"
            );
            INFOPLIST_FILE = "CoreXLSX.xcodeproj/CoreXLSXTests_Info.plist";
            LD_RUNPATH_SEARCH_PATHS = (
               "$(inherited)",
               "@loader_path/../Frameworks",
               "@loader_path/Frameworks"
            );
            OTHER_CFLAGS = (
               "$(inherited)"
            );
            OTHER_LDFLAGS = (
               "$(inherited)"
            );
            OTHER_SWIFT_FLAGS = (
               "$(inherited)"
            );
            SWIFT_ACTIVE_COMPILATION_CONDITIONS = (
               "$(inherited)"
            );
            SWIFT_VERSION = "4.2";
            TARGET_NAME = "CoreXLSXTests";
         };
         name = "Debug";
      };
      "OBJ_134" = {
         isa = "XCBuildConfiguration";
         baseConfigurationReference = "OBJ_8";
         buildSettings = {
            CLANG_ENABLE_MODULES = "YES";
            EMBEDDED_CONTENT_CONTAINS_SWIFT = "YES";
            FRAMEWORK_SEARCH_PATHS = (
               "$(inherited)",
               "$(PLATFORM_DIR)/Developer/Library/Frameworks"
            );
            HEADER_SEARCH_PATHS = (
               "$(inherited)"
            );
            INFOPLIST_FILE = "CoreXLSX.xcodeproj/CoreXLSXTests_Info.plist";
            LD_RUNPATH_SEARCH_PATHS = (
               "$(inherited)",
               "@loader_path/../Frameworks",
               "@loader_path/Frameworks"
            );
            OTHER_CFLAGS = (
               "$(inherited)"
            );
            OTHER_LDFLAGS = (
               "$(inherited)"
            );
            OTHER_SWIFT_FLAGS = (
               "$(inherited)"
            );
            SWIFT_ACTIVE_COMPILATION_CONDITIONS = (
               "$(inherited)"
            );
            SWIFT_VERSION = "4.2";
            TARGET_NAME = "CoreXLSXTests";
         };
         name = "Release";
      };
      "OBJ_135" = {
         isa = "PBXSourcesBuildPhase";
         files = (
            "OBJ_136",
            "OBJ_137",
            "OBJ_138",
            "OBJ_139",
            "OBJ_140",
            "OBJ_141",
            "OBJ_142",
            "OBJ_143"
         );
      };
      "OBJ_136" = {
         isa = "PBXBuildFile";
         fileRef = "OBJ_25";
      };
      "OBJ_137" = {
         isa = "PBXBuildFile";
         fileRef = "OBJ_26";
      };
      "OBJ_138" = {
         isa = "PBXBuildFile";
         fileRef = "OBJ_27";
      };
      "OBJ_139" = {
         isa = "PBXBuildFile";
         fileRef = "OBJ_28";
      };
      "OBJ_14" = {
         isa = "PBXFileReference";
         path = "SharedStrings.swift";
         sourceTree = "<group>";
      };
      "OBJ_140" = {
         isa = "PBXBuildFile";
         fileRef = "OBJ_29";
      };
      "OBJ_141" = {
         isa = "PBXBuildFile";
         fileRef = "OBJ_30";
      };
      "OBJ_142" = {
         isa = "PBXBuildFile";
         fileRef = "OBJ_31";
      };
      "OBJ_143" = {
         isa = "PBXBuildFile";
         fileRef = "OBJ_32";
      };
      "OBJ_144" = {
         isa = "PBXFrameworksBuildPhase";
         files = (
            "OBJ_145",
            "OBJ_146",
            "OBJ_147"
         );
      };
      "OBJ_145" = {
         isa = "PBXBuildFile";
         fileRef = "CoreXLSX::CoreXLSX::Product";
      };
      "OBJ_146" = {
         isa = "PBXBuildFile";
         fileRef = "ZIPFoundation::ZIPFoundation::Product";
      };
      "OBJ_147" = {
         isa = "PBXBuildFile";
         fileRef = "XMLCoder::XMLCoder::Product";
      };
      "OBJ_148" = {
         isa = "PBXTargetDependency";
         target = "CoreXLSX::CoreXLSX";
      };
      "OBJ_149" = {
         isa = "PBXTargetDependency";
         target = "ZIPFoundation::ZIPFoundation";
      };
      "OBJ_15" = {
         isa = "PBXFileReference";
         path = "Styles.swift";
         sourceTree = "<group>";
      };
      "OBJ_150" = {
         isa = "PBXTargetDependency";
         target = "XMLCoder::XMLCoder";
      };
      "OBJ_151" = {
         isa = "XCConfigurationList";
         buildConfigurations = (
            "OBJ_152",
            "OBJ_153"
         );
         defaultConfigurationIsVisible = "0";
         defaultConfigurationName = "Release";
      };
      "OBJ_152" = {
         isa = "XCBuildConfiguration";
         baseConfigurationReference = "OBJ_8";
         buildSettings = {
            ENABLE_TESTABILITY = "YES";
            FRAMEWORK_SEARCH_PATHS = (
               "$(inherited)",
               "$(PLATFORM_DIR)/Developer/Library/Frameworks"
            );
            HEADER_SEARCH_PATHS = (
               "$(inherited)"
            );
            INFOPLIST_FILE = "CoreXLSX.xcodeproj/XMLCoder_Info.plist";
            LD_RUNPATH_SEARCH_PATHS = (
               "$(inherited)",
               "$(TOOLCHAIN_DIR)/usr/lib/swift/macosx"
            );
            OTHER_CFLAGS = (
               "$(inherited)"
            );
            OTHER_LDFLAGS = (
               "$(inherited)"
            );
            OTHER_SWIFT_FLAGS = (
               "$(inherited)"
            );
            PRODUCT_BUNDLE_IDENTIFIER = "XMLCoder";
            PRODUCT_MODULE_NAME = "$(TARGET_NAME:c99extidentifier)";
            PRODUCT_NAME = "$(TARGET_NAME:c99extidentifier)";
            SKIP_INSTALL = "YES";
            SWIFT_ACTIVE_COMPILATION_CONDITIONS = (
               "$(inherited)"
            );
            SWIFT_VERSION = "4.2";
            TARGET_NAME = "XMLCoder";
         };
         name = "Debug";
      };
      "OBJ_153" = {
         isa = "XCBuildConfiguration";
         baseConfigurationReference = "OBJ_8";
         buildSettings = {
            ENABLE_TESTABILITY = "YES";
            FRAMEWORK_SEARCH_PATHS = (
               "$(inherited)",
               "$(PLATFORM_DIR)/Developer/Library/Frameworks"
            );
            HEADER_SEARCH_PATHS = (
               "$(inherited)"
            );
            INFOPLIST_FILE = "CoreXLSX.xcodeproj/XMLCoder_Info.plist";
            LD_RUNPATH_SEARCH_PATHS = (
               "$(inherited)",
               "$(TOOLCHAIN_DIR)/usr/lib/swift/macosx"
            );
            OTHER_CFLAGS = (
               "$(inherited)"
            );
            OTHER_LDFLAGS = (
               "$(inherited)"
            );
            OTHER_SWIFT_FLAGS = (
               "$(inherited)"
            );
            PRODUCT_BUNDLE_IDENTIFIER = "XMLCoder";
            PRODUCT_MODULE_NAME = "$(TARGET_NAME:c99extidentifier)";
            PRODUCT_NAME = "$(TARGET_NAME:c99extidentifier)";
            SKIP_INSTALL = "YES";
            SWIFT_ACTIVE_COMPILATION_CONDITIONS = (
               "$(inherited)"
            );
            SWIFT_VERSION = "4.2";
            TARGET_NAME = "XMLCoder";
         };
         name = "Release";
      };
      "OBJ_154" = {
         isa = "PBXSourcesBuildPhase";
         files = (
            "OBJ_155",
            "OBJ_156",
            "OBJ_157",
            "OBJ_158",
            "OBJ_159",
            "OBJ_160",
            "OBJ_161",
            "OBJ_162",
            "OBJ_163",
            "OBJ_164",
            "OBJ_165",
            "OBJ_166",
            "OBJ_167",
            "OBJ_168",
            "OBJ_169",
            "OBJ_170",
            "OBJ_171",
            "OBJ_172",
            "OBJ_173",
            "OBJ_174",
            "OBJ_175",
            "OBJ_176",
            "OBJ_177",
            "OBJ_178",
            "OBJ_179",
            "OBJ_180",
            "OBJ_181",
            "OBJ_182",
            "OBJ_183",
            "OBJ_184",
            "OBJ_185",
            "OBJ_186",
            "OBJ_187",
            "OBJ_188",
            "OBJ_189",
            "OBJ_190",
            "OBJ_191",
            "OBJ_192",
            "OBJ_193"
         );
      };
      "OBJ_155" = {
         isa = "PBXBuildFile";
         fileRef = "OBJ_50";
      };
      "OBJ_156" = {
         isa = "PBXBuildFile";
         fileRef = "OBJ_51";
      };
      "OBJ_157" = {
         isa = "PBXBuildFile";
         fileRef = "OBJ_52";
      };
      "OBJ_158" = {
         isa = "PBXBuildFile";
         fileRef = "OBJ_53";
      };
      "OBJ_159" = {
         isa = "PBXBuildFile";
         fileRef = "OBJ_54";
      };
      "OBJ_16" = {
         isa = "PBXFileReference";
         path = "Workbook.swift";
         sourceTree = "<group>";
      };
      "OBJ_160" = {
         isa = "PBXBuildFile";
         fileRef = "OBJ_55";
      };
      "OBJ_161" = {
         isa = "PBXBuildFile";
         fileRef = "OBJ_56";
      };
      "OBJ_162" = {
         isa = "PBXBuildFile";
         fileRef = "OBJ_57";
      };
      "OBJ_163" = {
         isa = "PBXBuildFile";
         fileRef = "OBJ_58";
      };
      "OBJ_164" = {
         isa = "PBXBuildFile";
         fileRef = "OBJ_59";
      };
      "OBJ_165" = {
         isa = "PBXBuildFile";
         fileRef = "OBJ_60";
      };
      "OBJ_166" = {
         isa = "PBXBuildFile";
         fileRef = "OBJ_61";
      };
      "OBJ_167" = {
         isa = "PBXBuildFile";
         fileRef = "OBJ_62";
      };
      "OBJ_168" = {
         isa = "PBXBuildFile";
         fileRef = "OBJ_63";
      };
      "OBJ_169" = {
         isa = "PBXBuildFile";
         fileRef = "OBJ_64";
      };
      "OBJ_17" = {
         isa = "PBXGroup";
         children = (
            "OBJ_18",
            "OBJ_19",
            "OBJ_20",
            "OBJ_21",
            "OBJ_22"
         );
         name = "Worksheet";
         path = "Worksheet";
         sourceTree = "<group>";
      };
      "OBJ_170" = {
         isa = "PBXBuildFile";
         fileRef = "OBJ_65";
      };
      "OBJ_171" = {
         isa = "PBXBuildFile";
         fileRef = "OBJ_66";
      };
      "OBJ_172" = {
         isa = "PBXBuildFile";
         fileRef = "OBJ_67";
      };
      "OBJ_173" = {
         isa = "PBXBuildFile";
         fileRef = "OBJ_68";
      };
      "OBJ_174" = {
         isa = "PBXBuildFile";
         fileRef = "OBJ_69";
      };
      "OBJ_175" = {
         isa = "PBXBuildFile";
         fileRef = "OBJ_70";
      };
      "OBJ_176" = {
         isa = "PBXBuildFile";
         fileRef = "OBJ_71";
      };
      "OBJ_177" = {
         isa = "PBXBuildFile";
         fileRef = "OBJ_73";
      };
      "OBJ_178" = {
         isa = "PBXBuildFile";
         fileRef = "OBJ_74";
      };
      "OBJ_179" = {
         isa = "PBXBuildFile";
         fileRef = "OBJ_75";
      };
      "OBJ_18" = {
         isa = "PBXFileReference";
         path = "Cell.swift";
         sourceTree = "<group>";
      };
      "OBJ_180" = {
         isa = "PBXBuildFile";
         fileRef = "OBJ_76";
      };
      "OBJ_181" = {
         isa = "PBXBuildFile";
         fileRef = "OBJ_77";
      };
      "OBJ_182" = {
         isa = "PBXBuildFile";
         fileRef = "OBJ_78";
      };
      "OBJ_183" = {
         isa = "PBXBuildFile";
         fileRef = "OBJ_79";
      };
      "OBJ_184" = {
         isa = "PBXBuildFile";
         fileRef = "OBJ_80";
      };
      "OBJ_185" = {
         isa = "PBXBuildFile";
         fileRef = "OBJ_82";
      };
      "OBJ_186" = {
         isa = "PBXBuildFile";
         fileRef = "OBJ_83";
      };
      "OBJ_187" = {
         isa = "PBXBuildFile";
         fileRef = "OBJ_84";
      };
      "OBJ_188" = {
         isa = "PBXBuildFile";
         fileRef = "OBJ_85";
      };
      "OBJ_189" = {
         isa = "PBXBuildFile";
         fileRef = "OBJ_86";
      };
      "OBJ_19" = {
         isa = "PBXFileReference";
         path = "CellQueries.swift";
         sourceTree = "<group>";
      };
      "OBJ_190" = {
         isa = "PBXBuildFile";
         fileRef = "OBJ_87";
      };
      "OBJ_191" = {
         isa = "PBXBuildFile";
         fileRef = "OBJ_88";
      };
      "OBJ_192" = {
         isa = "PBXBuildFile";
         fileRef = "OBJ_89";
      };
      "OBJ_193" = {
         isa = "PBXBuildFile";
         fileRef = "OBJ_90";
      };
      "OBJ_194" = {
         isa = "PBXFrameworksBuildPhase";
         files = (
         );
      };
      "OBJ_196" = {
         isa = "XCConfigurationList";
         buildConfigurations = (
            "OBJ_197",
            "OBJ_198"
         );
         defaultConfigurationIsVisible = "0";
         defaultConfigurationName = "Release";
      };
      "OBJ_197" = {
         isa = "XCBuildConfiguration";
         buildSettings = {
            LD = "/usr/bin/true";
            OTHER_SWIFT_FLAGS = (
               "-swift-version",
               "4.2",
               "-I",
               "$(TOOLCHAIN_DIR)/usr/lib/swift/pm/4_2",
               "-target",
               "x86_64-apple-macosx10.10",
               "-sdk",
               "/Applications/Xcode10.1.app/Contents/Developer/Platforms/MacOSX.platform/Developer/SDKs/MacOSX10.14.sdk"
            );
            SWIFT_VERSION = "4.2";
         };
         name = "Debug";
      };
      "OBJ_198" = {
         isa = "XCBuildConfiguration";
         buildSettings = {
            LD = "/usr/bin/true";
            OTHER_SWIFT_FLAGS = (
               "-swift-version",
               "4.2",
               "-I",
               "$(TOOLCHAIN_DIR)/usr/lib/swift/pm/4_2",
               "-target",
               "x86_64-apple-macosx10.10",
               "-sdk",
               "/Applications/Xcode10.1.app/Contents/Developer/Platforms/MacOSX.platform/Developer/SDKs/MacOSX10.14.sdk"
            );
            SWIFT_VERSION = "4.2";
         };
         name = "Release";
      };
      "OBJ_199" = {
         isa = "PBXSourcesBuildPhase";
         files = (
            "OBJ_200"
         );
      };
      "OBJ_2" = {
         isa = "XCConfigurationList";
         buildConfigurations = (
            "OBJ_3",
            "OBJ_4"
         );
         defaultConfigurationIsVisible = "0";
         defaultConfigurationName = "Release";
      };
      "OBJ_20" = {
         isa = "PBXFileReference";
         path = "CellReference.swift";
         sourceTree = "<group>";
      };
      "OBJ_200" = {
         isa = "PBXBuildFile";
         fileRef = "OBJ_91";
      };
      "OBJ_201" = {
         isa = "XCConfigurationList";
         buildConfigurations = (
            "OBJ_202",
            "OBJ_203"
         );
         defaultConfigurationIsVisible = "0";
         defaultConfigurationName = "Release";
      };
      "OBJ_202" = {
         isa = "XCBuildConfiguration";
         baseConfigurationReference = "OBJ_8";
         buildSettings = {
            ENABLE_TESTABILITY = "YES";
            FRAMEWORK_SEARCH_PATHS = (
               "$(inherited)",
               "$(PLATFORM_DIR)/Developer/Library/Frameworks"
            );
            HEADER_SEARCH_PATHS = (
               "$(inherited)"
            );
            INFOPLIST_FILE = "CoreXLSX.xcodeproj/ZIPFoundation_Info.plist";
            LD_RUNPATH_SEARCH_PATHS = (
               "$(inherited)",
               "$(TOOLCHAIN_DIR)/usr/lib/swift/macosx"
            );
            OTHER_CFLAGS = (
               "$(inherited)"
            );
            OTHER_LDFLAGS = (
               "$(inherited)"
            );
            OTHER_SWIFT_FLAGS = (
               "$(inherited)"
            );
            PRODUCT_BUNDLE_IDENTIFIER = "ZIPFoundation";
            PRODUCT_MODULE_NAME = "$(TARGET_NAME:c99extidentifier)";
            PRODUCT_NAME = "$(TARGET_NAME:c99extidentifier)";
            SKIP_INSTALL = "YES";
            SWIFT_ACTIVE_COMPILATION_CONDITIONS = (
               "$(inherited)"
            );
            SWIFT_VERSION = "4.0";
            TARGET_NAME = "ZIPFoundation";
         };
         name = "Debug";
      };
      "OBJ_203" = {
         isa = "XCBuildConfiguration";
         baseConfigurationReference = "OBJ_8";
         buildSettings = {
            ENABLE_TESTABILITY = "YES";
            FRAMEWORK_SEARCH_PATHS = (
               "$(inherited)",
               "$(PLATFORM_DIR)/Developer/Library/Frameworks"
            );
            HEADER_SEARCH_PATHS = (
               "$(inherited)"
            );
            INFOPLIST_FILE = "CoreXLSX.xcodeproj/ZIPFoundation_Info.plist";
            LD_RUNPATH_SEARCH_PATHS = (
               "$(inherited)",
               "$(TOOLCHAIN_DIR)/usr/lib/swift/macosx"
            );
            OTHER_CFLAGS = (
               "$(inherited)"
            );
            OTHER_LDFLAGS = (
               "$(inherited)"
            );
            OTHER_SWIFT_FLAGS = (
               "$(inherited)"
            );
            PRODUCT_BUNDLE_IDENTIFIER = "ZIPFoundation";
            PRODUCT_MODULE_NAME = "$(TARGET_NAME:c99extidentifier)";
            PRODUCT_NAME = "$(TARGET_NAME:c99extidentifier)";
            SKIP_INSTALL = "YES";
            SWIFT_ACTIVE_COMPILATION_CONDITIONS = (
               "$(inherited)"
            );
            SWIFT_VERSION = "4.0";
            TARGET_NAME = "ZIPFoundation";
         };
         name = "Release";
      };
      "OBJ_204" = {
         isa = "PBXSourcesBuildPhase";
         files = (
            "OBJ_205",
            "OBJ_206",
            "OBJ_207",
            "OBJ_208",
            "OBJ_209",
            "OBJ_210",
            "OBJ_211"
         );
      };
      "OBJ_205" = {
         isa = "PBXBuildFile";
         fileRef = "OBJ_38";
      };
      "OBJ_206" = {
         isa = "PBXBuildFile";
         fileRef = "OBJ_39";
      };
      "OBJ_207" = {
         isa = "PBXBuildFile";
         fileRef = "OBJ_40";
      };
      "OBJ_208" = {
         isa = "PBXBuildFile";
         fileRef = "OBJ_41";
      };
      "OBJ_209" = {
         isa = "PBXBuildFile";
         fileRef = "OBJ_42";
      };
      "OBJ_21" = {
         isa = "PBXFileReference";
         path = "ColumnReference.swift";
         sourceTree = "<group>";
      };
      "OBJ_210" = {
         isa = "PBXBuildFile";
         fileRef = "OBJ_43";
      };
      "OBJ_211" = {
         isa = "PBXBuildFile";
         fileRef = "OBJ_44";
      };
      "OBJ_212" = {
         isa = "PBXFrameworksBuildPhase";
         files = (
         );
      };
      "OBJ_214" = {
         isa = "XCConfigurationList";
         buildConfigurations = (
            "OBJ_215",
            "OBJ_216"
         );
         defaultConfigurationIsVisible = "0";
         defaultConfigurationName = "Release";
      };
      "OBJ_215" = {
         isa = "XCBuildConfiguration";
         buildSettings = {
            LD = "/usr/bin/true";
            OTHER_SWIFT_FLAGS = (
               "-swift-version",
               "4",
               "-I",
               "$(TOOLCHAIN_DIR)/usr/lib/swift/pm/4",
               "-target",
               "x86_64-apple-macosx10.10",
               "-sdk",
               "/Applications/Xcode10.1.app/Contents/Developer/Platforms/MacOSX.platform/Developer/SDKs/MacOSX10.14.sdk"
            );
            SWIFT_VERSION = "4.0";
         };
         name = "Debug";
      };
      "OBJ_216" = {
         isa = "XCBuildConfiguration";
         buildSettings = {
            LD = "/usr/bin/true";
            OTHER_SWIFT_FLAGS = (
               "-swift-version",
               "4",
               "-I",
               "$(TOOLCHAIN_DIR)/usr/lib/swift/pm/4",
               "-target",
               "x86_64-apple-macosx10.10",
               "-sdk",
               "/Applications/Xcode10.1.app/Contents/Developer/Platforms/MacOSX.platform/Developer/SDKs/MacOSX10.14.sdk"
            );
            SWIFT_VERSION = "4.0";
         };
         name = "Release";
      };
      "OBJ_217" = {
         isa = "PBXSourcesBuildPhase";
         files = (
            "OBJ_218"
         );
      };
      "OBJ_218" = {
         isa = "PBXBuildFile";
         fileRef = "OBJ_45";
      };
      "OBJ_22" = {
         isa = "PBXFileReference";
         path = "Worksheet.swift";
         sourceTree = "<group>";
      };
      "OBJ_23" = {
         isa = "PBXGroup";
         children = (
            "OBJ_24"
         );
         name = "Tests";
         path = "";
         sourceTree = "SOURCE_ROOT";
      };
      "OBJ_24" = {
         isa = "PBXGroup";
         children = (
            "OBJ_25",
            "OBJ_26",
            "OBJ_27",
            "OBJ_28",
            "OBJ_29",
            "OBJ_30",
            "OBJ_31",
            "OBJ_32"
         );
         name = "CoreXLSXTests";
         path = "Tests/CoreXLSXTests";
         sourceTree = "SOURCE_ROOT";
      };
      "OBJ_25" = {
         isa = "PBXFileReference";
         path = "CellReference.swift";
         sourceTree = "<group>";
      };
      "OBJ_26" = {
         isa = "PBXFileReference";
         path = "CoreXLSX.swift";
         sourceTree = "<group>";
      };
      "OBJ_27" = {
         isa = "PBXFileReference";
         path = "Relationships.swift";
         sourceTree = "<group>";
      };
      "OBJ_28" = {
         isa = "PBXFileReference";
         path = "SharedStrings.swift";
         sourceTree = "<group>";
      };
      "OBJ_29" = {
         isa = "PBXFileReference";
         path = "Styles.swift";
         sourceTree = "<group>";
      };
      "OBJ_3" = {
         isa = "XCBuildConfiguration";
         buildSettings = {
            CLANG_ENABLE_OBJC_ARC = "YES";
            COMBINE_HIDPI_IMAGES = "YES";
            COPY_PHASE_STRIP = "NO";
            DEBUG_INFORMATION_FORMAT = "dwarf";
            DYLIB_INSTALL_NAME_BASE = "@rpath";
            ENABLE_NS_ASSERTIONS = "YES";
            GCC_OPTIMIZATION_LEVEL = "0";
            GCC_PREPROCESSOR_DEFINITIONS = (
               "DEBUG=1",
               "$(inherited)"
            );
            MACOSX_DEPLOYMENT_TARGET = "10.10";
            ONLY_ACTIVE_ARCH = "YES";
            OTHER_SWIFT_FLAGS = (
               "-DXcode"
            );
            PRODUCT_NAME = "$(TARGET_NAME)";
            SDKROOT = "macosx";
            SUPPORTED_PLATFORMS = (
               "macosx",
               "iphoneos",
               "iphonesimulator",
               "appletvos",
               "appletvsimulator",
               "watchos",
               "watchsimulator"
            );
            SWIFT_ACTIVE_COMPILATION_CONDITIONS = (
               "SWIFT_PACKAGE",
               "DEBUG"
            );
            SWIFT_OPTIMIZATION_LEVEL = "-Onone";
            USE_HEADERMAP = "NO";
         };
         name = "Debug";
      };
      "OBJ_30" = {
         isa = "PBXFileReference";
         path = "Workbook.swift";
         sourceTree = "<group>";
      };
      "OBJ_31" = {
         isa = "PBXFileReference";
         path = "Worksheet.swift";
         sourceTree = "<group>";
      };
      "OBJ_32" = {
         isa = "PBXFileReference";
         path = "XCTestManifests.swift";
         sourceTree = "<group>";
      };
      "OBJ_33" = {
         isa = "PBXFileReference";
         path = "Example";
         sourceTree = "SOURCE_ROOT";
      };
      "OBJ_34" = {
         isa = "PBXFileReference";
         path = "Carthage";
         sourceTree = "SOURCE_ROOT";
      };
      "OBJ_35" = {
         isa = "PBXGroup";
         children = (
            "OBJ_36",
            "OBJ_46"
         );
         name = "Dependencies";
         path = "";
         sourceTree = "<group>";
      };
      "OBJ_36" = {
         isa = "PBXGroup";
         children = (
            "OBJ_37",
            "OBJ_45"
         );
         name = "ZIPFoundation 0.9.8";
         path = "";
         sourceTree = "SOURCE_ROOT";
      };
      "OBJ_37" = {
         isa = "PBXGroup";
         children = (
            "OBJ_38",
            "OBJ_39",
            "OBJ_40",
            "OBJ_41",
            "OBJ_42",
            "OBJ_43",
            "OBJ_44"
         );
         name = "ZIPFoundation";
         path = ".build/checkouts/ZIPFoundation.git-3044753073686914172/Sources/ZIPFoundation";
         sourceTree = "SOURCE_ROOT";
      };
      "OBJ_38" = {
         isa = "PBXFileReference";
         path = "Archive+Reading.swift";
         sourceTree = "<group>";
      };
      "OBJ_39" = {
         isa = "PBXFileReference";
         path = "Archive+Writing.swift";
         sourceTree = "<group>";
      };
      "OBJ_4" = {
         isa = "XCBuildConfiguration";
         buildSettings = {
            CLANG_ENABLE_OBJC_ARC = "YES";
            COMBINE_HIDPI_IMAGES = "YES";
            COPY_PHASE_STRIP = "YES";
            DEBUG_INFORMATION_FORMAT = "dwarf-with-dsym";
            DYLIB_INSTALL_NAME_BASE = "@rpath";
            GCC_OPTIMIZATION_LEVEL = "s";
            MACOSX_DEPLOYMENT_TARGET = "10.10";
            OTHER_SWIFT_FLAGS = (
               "-DXcode"
            );
            PRODUCT_NAME = "$(TARGET_NAME)";
            SDKROOT = "macosx";
            SUPPORTED_PLATFORMS = (
               "macosx",
               "iphoneos",
               "iphonesimulator",
               "appletvos",
               "appletvsimulator",
               "watchos",
               "watchsimulator"
            );
            SWIFT_ACTIVE_COMPILATION_CONDITIONS = (
               "SWIFT_PACKAGE"
            );
            SWIFT_OPTIMIZATION_LEVEL = "-Owholemodule";
            USE_HEADERMAP = "NO";
         };
         name = "Release";
      };
      "OBJ_40" = {
         isa = "PBXFileReference";
         path = "Archive.swift";
         sourceTree = "<group>";
      };
      "OBJ_41" = {
         isa = "PBXFileReference";
         path = "Data+Compression.swift";
         sourceTree = "<group>";
      };
      "OBJ_42" = {
         isa = "PBXFileReference";
         path = "Data+Serialization.swift";
         sourceTree = "<group>";
      };
      "OBJ_43" = {
         isa = "PBXFileReference";
         path = "Entry.swift";
         sourceTree = "<group>";
      };
      "OBJ_44" = {
         isa = "PBXFileReference";
         path = "FileManager+ZIP.swift";
         sourceTree = "<group>";
      };
      "OBJ_45" = {
         isa = "PBXFileReference";
         explicitFileType = "sourcecode.swift";
         name = "Package.swift";
         path = "/Users/maxd/Documents/CoreXLSX/.build/checkouts/ZIPFoundation.git-3044753073686914172/Package.swift";
         sourceTree = "<group>";
      };
      "OBJ_46" = {
         isa = "PBXGroup";
         children = (
            "OBJ_47",
            "OBJ_91"
         );
         name = "XMLCoder 0.4.0";
         path = "";
         sourceTree = "SOURCE_ROOT";
      };
      "OBJ_47" = {
         isa = "PBXGroup";
         children = (
            "OBJ_48",
            "OBJ_72",
            "OBJ_81"
         );
         name = "XMLCoder";
         path = ".build/checkouts/XMLCoder.git--2436542756418196327/Sources/XMLCoder";
         sourceTree = "SOURCE_ROOT";
      };
      "OBJ_48" = {
         isa = "PBXGroup";
         children = (
            "OBJ_49",
            "OBJ_64",
            "OBJ_65",
            "OBJ_66",
            "OBJ_67",
            "OBJ_68",
            "OBJ_69",
            "OBJ_70",
            "OBJ_71"
         );
         name = "Auxiliaries";
         path = "Auxiliaries";
         sourceTree = "<group>";
      };
      "OBJ_49" = {
         isa = "PBXGroup";
         children = (
            "OBJ_50",
            "OBJ_51",
            "OBJ_52",
            "OBJ_53",
            "OBJ_54",
            "OBJ_55",
            "OBJ_56",
            "OBJ_57",
            "OBJ_58",
            "OBJ_59",
            "OBJ_60",
            "OBJ_61",
            "OBJ_62",
            "OBJ_63"
         );
         name = "Box";
         path = "Box";
         sourceTree = "<group>";
      };
      "OBJ_5" = {
         isa = "PBXGroup";
         children = (
            "OBJ_6",
            "OBJ_7",
            "OBJ_9",
            "OBJ_23",
            "OBJ_33",
            "OBJ_34",
            "OBJ_35",
            "OBJ_92"
         );
         path = "";
         sourceTree = "<group>";
      };
      "OBJ_50" = {
         isa = "PBXFileReference";
         path = "BoolBox.swift";
         sourceTree = "<group>";
      };
      "OBJ_51" = {
         isa = "PBXFileReference";
         path = "Box.swift";
         sourceTree = "<group>";
      };
      "OBJ_52" = {
         isa = "PBXFileReference";
         path = "DataBox.swift";
         sourceTree = "<group>";
      };
      "OBJ_53" = {
         isa = "PBXFileReference";
         path = "DateBox.swift";
         sourceTree = "<group>";
      };
      "OBJ_54" = {
         isa = "PBXFileReference";
         path = "DecimalBox.swift";
         sourceTree = "<group>";
      };
      "OBJ_55" = {
         isa = "PBXFileReference";
         path = "FloatBox.swift";
         sourceTree = "<group>";
      };
      "OBJ_56" = {
         isa = "PBXFileReference";
         path = "IntBox.swift";
         sourceTree = "<group>";
      };
      "OBJ_57" = {
         isa = "PBXFileReference";
         path = "KeyedBox.swift";
         sourceTree = "<group>";
      };
      "OBJ_58" = {
         isa = "PBXFileReference";
         path = "NullBox.swift";
         sourceTree = "<group>";
      };
      "OBJ_59" = {
         isa = "PBXFileReference";
         path = "SharedBox.swift";
         sourceTree = "<group>";
      };
      "OBJ_6" = {
         isa = "PBXFileReference";
         explicitFileType = "sourcecode.swift";
         path = "Package.swift";
         sourceTree = "<group>";
      };
      "OBJ_60" = {
         isa = "PBXFileReference";
         path = "StringBox.swift";
         sourceTree = "<group>";
      };
      "OBJ_61" = {
         isa = "PBXFileReference";
         path = "UIntBox.swift";
         sourceTree = "<group>";
      };
      "OBJ_62" = {
         isa = "PBXFileReference";
         path = "URLBox.swift";
         sourceTree = "<group>";
      };
      "OBJ_63" = {
         isa = "PBXFileReference";
         path = "UnkeyedBox.swift";
         sourceTree = "<group>";
      };
      "OBJ_64" = {
         isa = "PBXFileReference";
         path = "ISO8601DateFormatter.swift";
         sourceTree = "<group>";
      };
      "OBJ_65" = {
         isa = "PBXFileReference";
         path = "KeyedStorage.swift";
         sourceTree = "<group>";
      };
      "OBJ_66" = {
         isa = "PBXFileReference";
         path = "Metatypes.swift";
         sourceTree = "<group>";
      };
      "OBJ_67" = {
         isa = "PBXFileReference";
         path = "String+Extensions.swift";
         sourceTree = "<group>";
      };
      "OBJ_68" = {
         isa = "PBXFileReference";
         path = "XMLCoderElement.swift";
         sourceTree = "<group>";
      };
      "OBJ_69" = {
         isa = "PBXFileReference";
         path = "XMLHeader.swift";
         sourceTree = "<group>";
      };
      "OBJ_7" = {
         isa = "PBXGroup";
         children = (
            "OBJ_8"
         );
         name = "Configs";
         path = "";
         sourceTree = "<group>";
      };
      "OBJ_70" = {
         isa = "PBXFileReference";
         path = "XMLKey.swift";
         sourceTree = "<group>";
      };
      "OBJ_71" = {
         isa = "PBXFileReference";
         path = "XMLStackParser.swift";
         sourceTree = "<group>";
      };
      "OBJ_72" = {
         isa = "PBXGroup";
         children = (
            "OBJ_73",
            "OBJ_74",
            "OBJ_75",
            "OBJ_76",
            "OBJ_77",
            "OBJ_78",
            "OBJ_79",
            "OBJ_80"
         );
         name = "Decoder";
         path = "Decoder";
         sourceTree = "<group>";
      };
      "OBJ_73" = {
         isa = "PBXFileReference";
         path = "DecodingErrorExtension.swift";
         sourceTree = "<group>";
      };
      "OBJ_74" = {
         isa = "PBXFileReference";
         path = "DynamicNodeDecoding.swift";
         sourceTree = "<group>";
      };
      "OBJ_75" = {
         isa = "PBXFileReference";
         path = "SingleValueDecodingContainer.swift";
         sourceTree = "<group>";
      };
      "OBJ_76" = {
         isa = "PBXFileReference";
         path = "XMLDecoder.swift";
         sourceTree = "<group>";
      };
      "OBJ_77" = {
         isa = "PBXFileReference";
         path = "XMLDecoderImplementation.swift";
         sourceTree = "<group>";
      };
      "OBJ_78" = {
         isa = "PBXFileReference";
         path = "XMLDecodingStorage.swift";
         sourceTree = "<group>";
      };
      "OBJ_79" = {
         isa = "PBXFileReference";
         path = "XMLKeyedDecodingContainer.swift";
         sourceTree = "<group>";
      };
      "OBJ_8" = {
         isa = "PBXFileReference";
         path = "Package.xcconfig";
         sourceTree = "<group>";
      };
      "OBJ_80" = {
         isa = "PBXFileReference";
         path = "XMLUnkeyedDecodingContainer.swift";
         sourceTree = "<group>";
      };
      "OBJ_81" = {
         isa = "PBXGroup";
         children = (
            "OBJ_82",
            "OBJ_83",
            "OBJ_84",
            "OBJ_85",
            "OBJ_86",
            "OBJ_87",
            "OBJ_88",
            "OBJ_89",
            "OBJ_90"
         );
         name = "Encoder";
         path = "Encoder";
         sourceTree = "<group>";
      };
      "OBJ_82" = {
         isa = "PBXFileReference";
         path = "DynamicNodeEncoding.swift";
         sourceTree = "<group>";
      };
      "OBJ_83" = {
         isa = "PBXFileReference";
         path = "EncodingErrorExtension.swift";
         sourceTree = "<group>";
      };
      "OBJ_84" = {
         isa = "PBXFileReference";
         path = "SingleValueEncodingContainer.swift";
         sourceTree = "<group>";
      };
      "OBJ_85" = {
         isa = "PBXFileReference";
         path = "XMLEncoder.swift";
         sourceTree = "<group>";
      };
      "OBJ_86" = {
         isa = "PBXFileReference";
         path = "XMLEncoderImplementation.swift";
         sourceTree = "<group>";
      };
      "OBJ_87" = {
         isa = "PBXFileReference";
         path = "XMLEncodingStorage.swift";
         sourceTree = "<group>";
      };
      "OBJ_88" = {
         isa = "PBXFileReference";
         path = "XMLKeyedEncodingContainer.swift";
         sourceTree = "<group>";
      };
      "OBJ_89" = {
         isa = "PBXFileReference";
         path = "XMLReferencingEncoder.swift";
         sourceTree = "<group>";
      };
      "OBJ_9" = {
         isa = "PBXGroup";
         children = (
            "OBJ_10"
         );
         name = "Sources";
         path = "";
         sourceTree = "SOURCE_ROOT";
      };
      "OBJ_90" = {
         isa = "PBXFileReference";
         path = "XMLUnkeyedEncodingContainer.swift";
         sourceTree = "<group>";
      };
      "OBJ_91" = {
         isa = "PBXFileReference";
         explicitFileType = "sourcecode.swift";
         name = "Package.swift";
         path = "/Users/maxd/Documents/CoreXLSX/.build/checkouts/XMLCoder.git--2436542756418196327/Package.swift";
         sourceTree = "<group>";
      };
      "OBJ_92" = {
         isa = "PBXGroup";
         children = (
            "ZIPFoundation::ZIPFoundation::Product",
            "XMLCoder::XMLCoder::Product",
            "CoreXLSX::CoreXLSXTests::Product",
            "CoreXLSX::CoreXLSX::Product"
         );
         name = "Products";
         path = "";
         sourceTree = "BUILT_PRODUCTS_DIR";
      };
      "OBJ_98" = {
         isa = "XCConfigurationList";
         buildConfigurations = (
            "OBJ_99",
            "OBJ_100"
         );
         defaultConfigurationIsVisible = "0";
         defaultConfigurationName = "Release";
      };
      "OBJ_99" = {
         isa = "XCBuildConfiguration";
         baseConfigurationReference = "OBJ_8";
         buildSettings = {
            ENABLE_TESTABILITY = "YES";
            FRAMEWORK_SEARCH_PATHS = (
               "$(inherited)",
               "$(PLATFORM_DIR)/Developer/Library/Frameworks"
            );
            HEADER_SEARCH_PATHS = (
               "$(inherited)"
            );
            INFOPLIST_FILE = "CoreXLSX.xcodeproj/CoreXLSX_Info.plist";
            LD_RUNPATH_SEARCH_PATHS = (
               "$(inherited)",
               "$(TOOLCHAIN_DIR)/usr/lib/swift/macosx"
            );
            OTHER_CFLAGS = (
               "$(inherited)"
            );
            OTHER_LDFLAGS = (
               "$(inherited)"
            );
            OTHER_SWIFT_FLAGS = (
               "$(inherited)"
            );
            PRODUCT_BUNDLE_IDENTIFIER = "CoreXLSX";
            PRODUCT_MODULE_NAME = "$(TARGET_NAME:c99extidentifier)";
            PRODUCT_NAME = "$(TARGET_NAME:c99extidentifier)";
            SKIP_INSTALL = "YES";
            SWIFT_ACTIVE_COMPILATION_CONDITIONS = (
               "$(inherited)"
            );
            SWIFT_VERSION = "4.2";
            TARGET_NAME = "CoreXLSX";
         };
         name = "Debug";
      };
      "XMLCoder::SwiftPMPackageDescription" = {
         isa = "PBXNativeTarget";
         buildConfigurationList = "OBJ_196";
         buildPhases = (
            "OBJ_199"
         );
         dependencies = (
         );
         name = "XMLCoderPackageDescription";
         productName = "XMLCoderPackageDescription";
         productType = "com.apple.product-type.framework";
      };
      "XMLCoder::XMLCoder" = {
         isa = "PBXNativeTarget";
         buildConfigurationList = "OBJ_151";
         buildPhases = (
            "OBJ_154",
            "OBJ_194"
         );
         dependencies = (
         );
         name = "XMLCoder";
         productName = "XMLCoder";
         productReference = "XMLCoder::XMLCoder::Product";
         productType = "com.apple.product-type.framework";
      };
      "XMLCoder::XMLCoder::Product" = {
         isa = "PBXFileReference";
         path = "XMLCoder.framework";
         sourceTree = "BUILT_PRODUCTS_DIR";
      };
      "ZIPFoundation::SwiftPMPackageDescription" = {
         isa = "PBXNativeTarget";
         buildConfigurationList = "OBJ_214";
         buildPhases = (
            "OBJ_217"
         );
         dependencies = (
         );
         name = "ZIPFoundationPackageDescription";
         productName = "ZIPFoundationPackageDescription";
         productType = "com.apple.product-type.framework";
      };
      "ZIPFoundation::ZIPFoundation" = {
         isa = "PBXNativeTarget";
         buildConfigurationList = "OBJ_201";
         buildPhases = (
            "OBJ_204",
            "OBJ_212"
         );
         dependencies = (
         );
         name = "ZIPFoundation";
         productName = "ZIPFoundation";
         productReference = "ZIPFoundation::ZIPFoundation::Product";
         productType = "com.apple.product-type.framework";
      };
      "ZIPFoundation::ZIPFoundation::Product" = {
         isa = "PBXFileReference";
         path = "ZIPFoundation.framework";
         sourceTree = "BUILT_PRODUCTS_DIR";
      };
   };
   rootObject = "OBJ_1";
}
